// !$*UTF8*$!
{
	archiveVersion = 1;
	classes = {
	};
	objectVersion = 50;
	objects = {

/* Begin PBXBuildFile section */
		498EDF1724D2F730000CB11B /* .swiftlint.yml in Resources */ = {isa = PBXBuildFile; fileRef = 498EDF1624D2F730000CB11B /* .swiftlint.yml */; };
		49A6753B24D19CDA009EC846 /* AppDelegate.swift in Sources */ = {isa = PBXBuildFile; fileRef = 49A6753A24D19CDA009EC846 /* AppDelegate.swift */; };
		49A6753D24D19CDA009EC846 /* SceneDelegate.swift in Sources */ = {isa = PBXBuildFile; fileRef = 49A6753C24D19CDA009EC846 /* SceneDelegate.swift */; };
		49A6753F24D19CDA009EC846 /* ViewController.swift in Sources */ = {isa = PBXBuildFile; fileRef = 49A6753E24D19CDA009EC846 /* ViewController.swift */; };
		49A6754224D19CDA009EC846 /* Main.storyboard in Resources */ = {isa = PBXBuildFile; fileRef = 49A6754024D19CDA009EC846 /* Main.storyboard */; };
		49A6754424D19CDE009EC846 /* Assets.xcassets in Resources */ = {isa = PBXBuildFile; fileRef = 49A6754324D19CDE009EC846 /* Assets.xcassets */; };
		49A6754724D19CDE009EC846 /* LaunchScreen.storyboard in Resources */ = {isa = PBXBuildFile; fileRef = 49A6754524D19CDE009EC846 /* LaunchScreen.storyboard */; };
		49A6755224D19CDF009EC846 /* covid_19_graphTests.swift in Sources */ = {isa = PBXBuildFile; fileRef = 49A6755124D19CDF009EC846 /* covid_19_graphTests.swift */; };
		49A6755D24D19CDF009EC846 /* covid_19_graphUITests.swift in Sources */ = {isa = PBXBuildFile; fileRef = 49A6755C24D19CDF009EC846 /* covid_19_graphUITests.swift */; };
		6E473E69BE0E30BBA8ECD9EF /* Pods_covid_19_graph.framework in Frameworks */ = {isa = PBXBuildFile; fileRef = 498EDF4124D30933000CB11B /* Pods_covid_19_graph.framework */; };
		B165F675AF3B96AA834E081E /* Pods_covid_19_graph_covid_19_graphUITests.framework in Frameworks */ = {isa = PBXBuildFile; fileRef = 4E17FE36CE4AE946CB40D58A /* Pods_covid_19_graph_covid_19_graphUITests.framework */; };
		E13E5463C6D1110EB1B79B9A /* Pods_covid_19_graphTests.framework in Frameworks */ = {isa = PBXBuildFile; fileRef = 34F5FEAC6BA9345CC17900B7 /* Pods_covid_19_graphTests.framework */; };
/* End PBXBuildFile section */

/* Begin PBXContainerItemProxy section */
		49A6754E24D19CDF009EC846 /* PBXContainerItemProxy */ = {
			isa = PBXContainerItemProxy;
			containerPortal = 49A6752F24D19CDA009EC846 /* Project object */;
			proxyType = 1;
			remoteGlobalIDString = 49A6753624D19CDA009EC846;
			remoteInfo = "covid-19-graph";
		};
		49A6755924D19CDF009EC846 /* PBXContainerItemProxy */ = {
			isa = PBXContainerItemProxy;
			containerPortal = 49A6752F24D19CDA009EC846 /* Project object */;
			proxyType = 1;
			remoteGlobalIDString = 49A6753624D19CDA009EC846;
			remoteInfo = "covid-19-graph";
		};
/* End PBXContainerItemProxy section */

/* Begin PBXFileReference section */
		055A3866F35996A03398CE4B /* Pods-covid-19-graphTests.debug.xcconfig */ = {isa = PBXFileReference; includeInIndex = 1; lastKnownFileType = text.xcconfig; name = "Pods-covid-19-graphTests.debug.xcconfig"; path = "Target Support Files/Pods-covid-19-graphTests/Pods-covid-19-graphTests.debug.xcconfig"; sourceTree = "<group>"; };
		105DE34DB51D00E86DC719BC /* Pods-covid-19-graphTests.release-development.xcconfig */ = {isa = PBXFileReference; includeInIndex = 1; lastKnownFileType = text.xcconfig; name = "Pods-covid-19-graphTests.release-development.xcconfig"; path = "Target Support Files/Pods-covid-19-graphTests/Pods-covid-19-graphTests.release-development.xcconfig"; sourceTree = "<group>"; };
		13D0E01038A6A2B130A49D72 /* Pods-covid-19-graph.release-staging.xcconfig */ = {isa = PBXFileReference; includeInIndex = 1; lastKnownFileType = text.xcconfig; name = "Pods-covid-19-graph.release-staging.xcconfig"; path = "Target Support Files/Pods-covid-19-graph/Pods-covid-19-graph.release-staging.xcconfig"; sourceTree = "<group>"; };
		1DE86482C42D5371F6A4F548 /* Pods-covid-19-graph-covid-19-graphUITests.debug-staging.xcconfig */ = {isa = PBXFileReference; includeInIndex = 1; lastKnownFileType = text.xcconfig; name = "Pods-covid-19-graph-covid-19-graphUITests.debug-staging.xcconfig"; path = "Target Support Files/Pods-covid-19-graph-covid-19-graphUITests/Pods-covid-19-graph-covid-19-graphUITests.debug-staging.xcconfig"; sourceTree = "<group>"; };
		232FEF5FAF0EF7B188CBA7B2 /* Pods-covid-19-graphTests.debug-production.xcconfig */ = {isa = PBXFileReference; includeInIndex = 1; lastKnownFileType = text.xcconfig; name = "Pods-covid-19-graphTests.debug-production.xcconfig"; path = "Target Support Files/Pods-covid-19-graphTests/Pods-covid-19-graphTests.debug-production.xcconfig"; sourceTree = "<group>"; };
		2A8D6FDC686BEE724126D6B7 /* Pods-covid-19-graph.debug.xcconfig */ = {isa = PBXFileReference; includeInIndex = 1; lastKnownFileType = text.xcconfig; name = "Pods-covid-19-graph.debug.xcconfig"; path = "Target Support Files/Pods-covid-19-graph/Pods-covid-19-graph.debug.xcconfig"; sourceTree = "<group>"; };
		2AD787A6CB352CBA95D75F45 /* Pods-covid-19-graphTests.debug-development.xcconfig */ = {isa = PBXFileReference; includeInIndex = 1; lastKnownFileType = text.xcconfig; name = "Pods-covid-19-graphTests.debug-development.xcconfig"; path = "Target Support Files/Pods-covid-19-graphTests/Pods-covid-19-graphTests.debug-development.xcconfig"; sourceTree = "<group>"; };
		34F5FEAC6BA9345CC17900B7 /* Pods_covid_19_graphTests.framework */ = {isa = PBXFileReference; explicitFileType = wrapper.framework; includeInIndex = 0; path = Pods_covid_19_graphTests.framework; sourceTree = BUILT_PRODUCTS_DIR; };
		3BA10F9A57B3AB1B312377A4 /* Pods-covid-19-graph.debug-staging.xcconfig */ = {isa = PBXFileReference; includeInIndex = 1; lastKnownFileType = text.xcconfig; name = "Pods-covid-19-graph.debug-staging.xcconfig"; path = "Target Support Files/Pods-covid-19-graph/Pods-covid-19-graph.debug-staging.xcconfig"; sourceTree = "<group>"; };
		3C7E0E1AD18F386BBA073E90 /* Pods-covid-19-graphTests.release-production.xcconfig */ = {isa = PBXFileReference; includeInIndex = 1; lastKnownFileType = text.xcconfig; name = "Pods-covid-19-graphTests.release-production.xcconfig"; path = "Target Support Files/Pods-covid-19-graphTests/Pods-covid-19-graphTests.release-production.xcconfig"; sourceTree = "<group>"; };
		494DB3CC24D1A60400C391EA /* APIKit.framework */ = {isa = PBXFileReference; lastKnownFileType = wrapper.framework; name = APIKit.framework; path = Carthage/Build/iOS/APIKit.framework; sourceTree = "<group>"; };
		494DB3D124D1A90B00C391EA /* SVProgressHUD.framework */ = {isa = PBXFileReference; lastKnownFileType = wrapper.framework; name = SVProgressHUD.framework; path = Carthage/Build/iOS/SVProgressHUD.framework; sourceTree = "<group>"; };
		494DB3D424D1B2D400C391EA /* ReactiveMapKit.framework */ = {isa = PBXFileReference; lastKnownFileType = wrapper.framework; name = ReactiveMapKit.framework; path = Carthage/Build/iOS/ReactiveMapKit.framework; sourceTree = "<group>"; };
		494DB3D524D1B2D400C391EA /* ReactiveSwift.framework */ = {isa = PBXFileReference; lastKnownFileType = wrapper.framework; name = ReactiveSwift.framework; path = Carthage/Build/iOS/ReactiveSwift.framework; sourceTree = "<group>"; };
		494DB3D624D1B2D400C391EA /* ReactiveCocoa.framework */ = {isa = PBXFileReference; lastKnownFileType = wrapper.framework; name = ReactiveCocoa.framework; path = Carthage/Build/iOS/ReactiveCocoa.framework; sourceTree = "<group>"; };
		498EDF1624D2F730000CB11B /* .swiftlint.yml */ = {isa = PBXFileReference; lastKnownFileType = text.yaml; path = .swiftlint.yml; sourceTree = "<group>"; };
		498EDF1924D2FB8E000CB11B /* Debug.xcconfig */ = {isa = PBXFileReference; lastKnownFileType = text.xcconfig; path = Debug.xcconfig; sourceTree = "<group>"; };
		498EDF1A24D2FB9E000CB11B /* Release.xcconfig */ = {isa = PBXFileReference; lastKnownFileType = text.xcconfig; path = Release.xcconfig; sourceTree = "<group>"; };
		498EDF1B24D2FBB0000CB11B /* Development.xcconfig */ = {isa = PBXFileReference; lastKnownFileType = text.xcconfig; path = Development.xcconfig; sourceTree = "<group>"; };
		498EDF1C24D2FBBC000CB11B /* Staging.xcconfig */ = {isa = PBXFileReference; lastKnownFileType = text.xcconfig; path = Staging.xcconfig; sourceTree = "<group>"; };
		498EDF1D24D2FBCB000CB11B /* Production.xcconfig */ = {isa = PBXFileReference; lastKnownFileType = text.xcconfig; path = Production.xcconfig; sourceTree = "<group>"; };
		498EDF1E24D2FBE3000CB11B /* Debug-Development.xcconfig */ = {isa = PBXFileReference; lastKnownFileType = text.xcconfig; path = "Debug-Development.xcconfig"; sourceTree = "<group>"; };
		498EDF1F24D2FBF1000CB11B /* Debug-Staging.xcconfig */ = {isa = PBXFileReference; lastKnownFileType = text.xcconfig; path = "Debug-Staging.xcconfig"; sourceTree = "<group>"; };
		498EDF2024D2FC02000CB11B /* Debug-Production.xcconfig */ = {isa = PBXFileReference; lastKnownFileType = text.xcconfig; path = "Debug-Production.xcconfig"; sourceTree = "<group>"; };
		498EDF2124D2FC15000CB11B /* Release-Development.xcconfig */ = {isa = PBXFileReference; lastKnownFileType = text.xcconfig; path = "Release-Development.xcconfig"; sourceTree = "<group>"; };
		498EDF2224D2FC23000CB11B /* Release-Staging.xcconfig */ = {isa = PBXFileReference; lastKnownFileType = text.xcconfig; path = "Release-Staging.xcconfig"; sourceTree = "<group>"; };
		498EDF2324D2FC32000CB11B /* Release-Production.xcconfig */ = {isa = PBXFileReference; lastKnownFileType = text.xcconfig; path = "Release-Production.xcconfig"; sourceTree = "<group>"; };
		498EDF3E24D308F2000CB11B /* Pods_covid_19_graph.framework */ = {isa = PBXFileReference; explicitFileType = wrapper.framework; path = Pods_covid_19_graph.framework; sourceTree = BUILT_PRODUCTS_DIR; };
		498EDF4124D30933000CB11B /* Pods_covid_19_graph.framework */ = {isa = PBXFileReference; explicitFileType = wrapper.framework; path = Pods_covid_19_graph.framework; sourceTree = BUILT_PRODUCTS_DIR; };
		49A6753724D19CDA009EC846 /* covid-19-graph.app */ = {isa = PBXFileReference; explicitFileType = wrapper.application; includeInIndex = 0; path = "covid-19-graph.app"; sourceTree = BUILT_PRODUCTS_DIR; };
		49A6753A24D19CDA009EC846 /* AppDelegate.swift */ = {isa = PBXFileReference; lastKnownFileType = sourcecode.swift; path = AppDelegate.swift; sourceTree = "<group>"; };
		49A6753C24D19CDA009EC846 /* SceneDelegate.swift */ = {isa = PBXFileReference; lastKnownFileType = sourcecode.swift; path = SceneDelegate.swift; sourceTree = "<group>"; };
		49A6753E24D19CDA009EC846 /* ViewController.swift */ = {isa = PBXFileReference; lastKnownFileType = sourcecode.swift; path = ViewController.swift; sourceTree = "<group>"; };
		49A6754124D19CDA009EC846 /* Base */ = {isa = PBXFileReference; lastKnownFileType = file.storyboard; name = Base; path = Base.lproj/Main.storyboard; sourceTree = "<group>"; };
		49A6754324D19CDE009EC846 /* Assets.xcassets */ = {isa = PBXFileReference; lastKnownFileType = folder.assetcatalog; path = Assets.xcassets; sourceTree = "<group>"; };
		49A6754624D19CDE009EC846 /* Base */ = {isa = PBXFileReference; lastKnownFileType = file.storyboard; name = Base; path = Base.lproj/LaunchScreen.storyboard; sourceTree = "<group>"; };
		49A6754824D19CDE009EC846 /* Info.plist */ = {isa = PBXFileReference; lastKnownFileType = text.plist.xml; path = Info.plist; sourceTree = "<group>"; };
		49A6754D24D19CDF009EC846 /* covid-19-graphTests.xctest */ = {isa = PBXFileReference; explicitFileType = wrapper.cfbundle; includeInIndex = 0; path = "covid-19-graphTests.xctest"; sourceTree = BUILT_PRODUCTS_DIR; };
		49A6755124D19CDF009EC846 /* covid_19_graphTests.swift */ = {isa = PBXFileReference; lastKnownFileType = sourcecode.swift; path = covid_19_graphTests.swift; sourceTree = "<group>"; };
		49A6755324D19CDF009EC846 /* Info.plist */ = {isa = PBXFileReference; lastKnownFileType = text.plist.xml; path = Info.plist; sourceTree = "<group>"; };
		49A6755824D19CDF009EC846 /* covid-19-graphUITests.xctest */ = {isa = PBXFileReference; explicitFileType = wrapper.cfbundle; includeInIndex = 0; path = "covid-19-graphUITests.xctest"; sourceTree = BUILT_PRODUCTS_DIR; };
		49A6755C24D19CDF009EC846 /* covid_19_graphUITests.swift */ = {isa = PBXFileReference; lastKnownFileType = sourcecode.swift; path = covid_19_graphUITests.swift; sourceTree = "<group>"; };
		49A6755E24D19CDF009EC846 /* Info.plist */ = {isa = PBXFileReference; lastKnownFileType = text.plist.xml; path = Info.plist; sourceTree = "<group>"; };
		4C31CF853D82EA2FA46CD902 /* Pods-covid-19-graphTests.release.xcconfig */ = {isa = PBXFileReference; includeInIndex = 1; lastKnownFileType = text.xcconfig; name = "Pods-covid-19-graphTests.release.xcconfig"; path = "Target Support Files/Pods-covid-19-graphTests/Pods-covid-19-graphTests.release.xcconfig"; sourceTree = "<group>"; };
		4E17FE36CE4AE946CB40D58A /* Pods_covid_19_graph_covid_19_graphUITests.framework */ = {isa = PBXFileReference; explicitFileType = wrapper.framework; includeInIndex = 0; path = Pods_covid_19_graph_covid_19_graphUITests.framework; sourceTree = BUILT_PRODUCTS_DIR; };
		515B835AFFE4F6F0710BE1CA /* Pods-covid-19-graph-covid-19-graphUITests.release-production.xcconfig */ = {isa = PBXFileReference; includeInIndex = 1; lastKnownFileType = text.xcconfig; name = "Pods-covid-19-graph-covid-19-graphUITests.release-production.xcconfig"; path = "Target Support Files/Pods-covid-19-graph-covid-19-graphUITests/Pods-covid-19-graph-covid-19-graphUITests.release-production.xcconfig"; sourceTree = "<group>"; };
		670A691A8C43BAC680571B29 /* Pods-covid-19-graph-covid-19-graphUITests.release.xcconfig */ = {isa = PBXFileReference; includeInIndex = 1; lastKnownFileType = text.xcconfig; name = "Pods-covid-19-graph-covid-19-graphUITests.release.xcconfig"; path = "Target Support Files/Pods-covid-19-graph-covid-19-graphUITests/Pods-covid-19-graph-covid-19-graphUITests.release.xcconfig"; sourceTree = "<group>"; };
		6F2C118BF7D6536A7865CE44 /* Pods-covid-19-graph.debug-production.xcconfig */ = {isa = PBXFileReference; includeInIndex = 1; lastKnownFileType = text.xcconfig; name = "Pods-covid-19-graph.debug-production.xcconfig"; path = "Target Support Files/Pods-covid-19-graph/Pods-covid-19-graph.debug-production.xcconfig"; sourceTree = "<group>"; };
		7632440AAAFEAE6B2BF95123 /* Pods-covid-19-graph-covid-19-graphUITests.debug-production.xcconfig */ = {isa = PBXFileReference; includeInIndex = 1; lastKnownFileType = text.xcconfig; name = "Pods-covid-19-graph-covid-19-graphUITests.debug-production.xcconfig"; path = "Target Support Files/Pods-covid-19-graph-covid-19-graphUITests/Pods-covid-19-graph-covid-19-graphUITests.debug-production.xcconfig"; sourceTree = "<group>"; };
		7AD7BFEAF774271AC8699AF9 /* Pods-covid-19-graph-covid-19-graphUITests.debug-development.xcconfig */ = {isa = PBXFileReference; includeInIndex = 1; lastKnownFileType = text.xcconfig; name = "Pods-covid-19-graph-covid-19-graphUITests.debug-development.xcconfig"; path = "Target Support Files/Pods-covid-19-graph-covid-19-graphUITests/Pods-covid-19-graph-covid-19-graphUITests.debug-development.xcconfig"; sourceTree = "<group>"; };
		7CF6916CD1466E3400F87D4C /* Pods_covid_19_graph.framework */ = {isa = PBXFileReference; explicitFileType = wrapper.framework; includeInIndex = 0; path = Pods_covid_19_graph.framework; sourceTree = BUILT_PRODUCTS_DIR; };
		8DE1C604FFDD1C0A503BCB5E /* Pods-covid-19-graph.release-development.xcconfig */ = {isa = PBXFileReference; includeInIndex = 1; lastKnownFileType = text.xcconfig; name = "Pods-covid-19-graph.release-development.xcconfig"; path = "Target Support Files/Pods-covid-19-graph/Pods-covid-19-graph.release-development.xcconfig"; sourceTree = "<group>"; };
		8EE8703CD64229CAAE57D0B0 /* Pods-covid-19-graph-covid-19-graphUITests.debug.xcconfig */ = {isa = PBXFileReference; includeInIndex = 1; lastKnownFileType = text.xcconfig; name = "Pods-covid-19-graph-covid-19-graphUITests.debug.xcconfig"; path = "Target Support Files/Pods-covid-19-graph-covid-19-graphUITests/Pods-covid-19-graph-covid-19-graphUITests.debug.xcconfig"; sourceTree = "<group>"; };
		A22BA7A69B1AF073E0A9344B /* Pods-covid-19-graph-covid-19-graphUITests.release-staging.xcconfig */ = {isa = PBXFileReference; includeInIndex = 1; lastKnownFileType = text.xcconfig; name = "Pods-covid-19-graph-covid-19-graphUITests.release-staging.xcconfig"; path = "Target Support Files/Pods-covid-19-graph-covid-19-graphUITests/Pods-covid-19-graph-covid-19-graphUITests.release-staging.xcconfig"; sourceTree = "<group>"; };
		A7FF60D1B544F87D9EDBBF7A /* Pods-covid-19-graph.release-production.xcconfig */ = {isa = PBXFileReference; includeInIndex = 1; lastKnownFileType = text.xcconfig; name = "Pods-covid-19-graph.release-production.xcconfig"; path = "Target Support Files/Pods-covid-19-graph/Pods-covid-19-graph.release-production.xcconfig"; sourceTree = "<group>"; };
		B0215644974210492A4FC6C4 /* Pods-covid-19-graphTests.release-staging.xcconfig */ = {isa = PBXFileReference; includeInIndex = 1; lastKnownFileType = text.xcconfig; name = "Pods-covid-19-graphTests.release-staging.xcconfig"; path = "Target Support Files/Pods-covid-19-graphTests/Pods-covid-19-graphTests.release-staging.xcconfig"; sourceTree = "<group>"; };
		B51C4931BE4E5E19AFF90767 /* Pods-covid-19-graph.debug-development.xcconfig */ = {isa = PBXFileReference; includeInIndex = 1; lastKnownFileType = text.xcconfig; name = "Pods-covid-19-graph.debug-development.xcconfig"; path = "Target Support Files/Pods-covid-19-graph/Pods-covid-19-graph.debug-development.xcconfig"; sourceTree = "<group>"; };
		D1FE10C672007FCF1DAC000F /* Pods-covid-19-graphTests.debug-staging.xcconfig */ = {isa = PBXFileReference; includeInIndex = 1; lastKnownFileType = text.xcconfig; name = "Pods-covid-19-graphTests.debug-staging.xcconfig"; path = "Target Support Files/Pods-covid-19-graphTests/Pods-covid-19-graphTests.debug-staging.xcconfig"; sourceTree = "<group>"; };
		DBFB7FC4E03699CC6C79147A /* Pods-covid-19-graph-covid-19-graphUITests.release-development.xcconfig */ = {isa = PBXFileReference; includeInIndex = 1; lastKnownFileType = text.xcconfig; name = "Pods-covid-19-graph-covid-19-graphUITests.release-development.xcconfig"; path = "Target Support Files/Pods-covid-19-graph-covid-19-graphUITests/Pods-covid-19-graph-covid-19-graphUITests.release-development.xcconfig"; sourceTree = "<group>"; };
		F848575A0205B4F6B81A307F /* Pods-covid-19-graph.release.xcconfig */ = {isa = PBXFileReference; includeInIndex = 1; lastKnownFileType = text.xcconfig; name = "Pods-covid-19-graph.release.xcconfig"; path = "Target Support Files/Pods-covid-19-graph/Pods-covid-19-graph.release.xcconfig"; sourceTree = "<group>"; };
/* End PBXFileReference section */

/* Begin PBXFrameworksBuildPhase section */
		49A6753424D19CDA009EC846 /* Frameworks */ = {
			isa = PBXFrameworksBuildPhase;
			buildActionMask = 2147483647;
			files = (
				6E473E69BE0E30BBA8ECD9EF /* Pods_covid_19_graph.framework in Frameworks */,
			);
			runOnlyForDeploymentPostprocessing = 0;
		};
		49A6754A24D19CDF009EC846 /* Frameworks */ = {
			isa = PBXFrameworksBuildPhase;
			buildActionMask = 2147483647;
			files = (
				E13E5463C6D1110EB1B79B9A /* Pods_covid_19_graphTests.framework in Frameworks */,
			);
			runOnlyForDeploymentPostprocessing = 0;
		};
		49A6755524D19CDF009EC846 /* Frameworks */ = {
			isa = PBXFrameworksBuildPhase;
			buildActionMask = 2147483647;
			files = (
				B165F675AF3B96AA834E081E /* Pods_covid_19_graph_covid_19_graphUITests.framework in Frameworks */,
			);
			runOnlyForDeploymentPostprocessing = 0;
		};
/* End PBXFrameworksBuildPhase section */

/* Begin PBXGroup section */
		47D8F619B6CBE1BB2DD3D646 /* Frameworks */ = {
			isa = PBXGroup;
			children = (
				498EDF4124D30933000CB11B /* Pods_covid_19_graph.framework */,
				498EDF3E24D308F2000CB11B /* Pods_covid_19_graph.framework */,
				494DB3D624D1B2D400C391EA /* ReactiveCocoa.framework */,
				494DB3D424D1B2D400C391EA /* ReactiveMapKit.framework */,
				494DB3D524D1B2D400C391EA /* ReactiveSwift.framework */,
				494DB3D124D1A90B00C391EA /* SVProgressHUD.framework */,
				494DB3CC24D1A60400C391EA /* APIKit.framework */,
				7CF6916CD1466E3400F87D4C /* Pods_covid_19_graph.framework */,
				4E17FE36CE4AE946CB40D58A /* Pods_covid_19_graph_covid_19_graphUITests.framework */,
				34F5FEAC6BA9345CC17900B7 /* Pods_covid_19_graphTests.framework */,
			);
			name = Frameworks;
			sourceTree = "<group>";
		};
		4820067A9120109959F2309A /* Pods */ = {
			isa = PBXGroup;
			children = (
				2A8D6FDC686BEE724126D6B7 /* Pods-covid-19-graph.debug.xcconfig */,
				F848575A0205B4F6B81A307F /* Pods-covid-19-graph.release.xcconfig */,
				8EE8703CD64229CAAE57D0B0 /* Pods-covid-19-graph-covid-19-graphUITests.debug.xcconfig */,
				670A691A8C43BAC680571B29 /* Pods-covid-19-graph-covid-19-graphUITests.release.xcconfig */,
				055A3866F35996A03398CE4B /* Pods-covid-19-graphTests.debug.xcconfig */,
				4C31CF853D82EA2FA46CD902 /* Pods-covid-19-graphTests.release.xcconfig */,
				6F2C118BF7D6536A7865CE44 /* Pods-covid-19-graph.debug-production.xcconfig */,
				3BA10F9A57B3AB1B312377A4 /* Pods-covid-19-graph.debug-staging.xcconfig */,
				B51C4931BE4E5E19AFF90767 /* Pods-covid-19-graph.debug-development.xcconfig */,
				A7FF60D1B544F87D9EDBBF7A /* Pods-covid-19-graph.release-production.xcconfig */,
				13D0E01038A6A2B130A49D72 /* Pods-covid-19-graph.release-staging.xcconfig */,
				8DE1C604FFDD1C0A503BCB5E /* Pods-covid-19-graph.release-development.xcconfig */,
				7632440AAAFEAE6B2BF95123 /* Pods-covid-19-graph-covid-19-graphUITests.debug-production.xcconfig */,
				1DE86482C42D5371F6A4F548 /* Pods-covid-19-graph-covid-19-graphUITests.debug-staging.xcconfig */,
				7AD7BFEAF774271AC8699AF9 /* Pods-covid-19-graph-covid-19-graphUITests.debug-development.xcconfig */,
				515B835AFFE4F6F0710BE1CA /* Pods-covid-19-graph-covid-19-graphUITests.release-production.xcconfig */,
				A22BA7A69B1AF073E0A9344B /* Pods-covid-19-graph-covid-19-graphUITests.release-staging.xcconfig */,
				DBFB7FC4E03699CC6C79147A /* Pods-covid-19-graph-covid-19-graphUITests.release-development.xcconfig */,
				232FEF5FAF0EF7B188CBA7B2 /* Pods-covid-19-graphTests.debug-production.xcconfig */,
				D1FE10C672007FCF1DAC000F /* Pods-covid-19-graphTests.debug-staging.xcconfig */,
				2AD787A6CB352CBA95D75F45 /* Pods-covid-19-graphTests.debug-development.xcconfig */,
				3C7E0E1AD18F386BBA073E90 /* Pods-covid-19-graphTests.release-production.xcconfig */,
				B0215644974210492A4FC6C4 /* Pods-covid-19-graphTests.release-staging.xcconfig */,
				105DE34DB51D00E86DC719BC /* Pods-covid-19-graphTests.release-development.xcconfig */,
			);
			path = Pods;
			sourceTree = "<group>";
		};
		498EDF1824D2FB58000CB11B /* Configurations */ = {
			isa = PBXGroup;
			children = (
				498EDF1924D2FB8E000CB11B /* Debug.xcconfig */,
				498EDF1A24D2FB9E000CB11B /* Release.xcconfig */,
				498EDF1B24D2FBB0000CB11B /* Development.xcconfig */,
				498EDF1C24D2FBBC000CB11B /* Staging.xcconfig */,
				498EDF1D24D2FBCB000CB11B /* Production.xcconfig */,
				498EDF1E24D2FBE3000CB11B /* Debug-Development.xcconfig */,
				498EDF1F24D2FBF1000CB11B /* Debug-Staging.xcconfig */,
				498EDF2024D2FC02000CB11B /* Debug-Production.xcconfig */,
				498EDF2124D2FC15000CB11B /* Release-Development.xcconfig */,
				498EDF2224D2FC23000CB11B /* Release-Staging.xcconfig */,
				498EDF2324D2FC32000CB11B /* Release-Production.xcconfig */,
			);
			path = Configurations;
			sourceTree = "<group>";
		};
		49A6752E24D19CDA009EC846 = {
			isa = PBXGroup;
			children = (
				498EDF1624D2F730000CB11B /* .swiftlint.yml */,
				49A6753924D19CDA009EC846 /* covid-19-graph */,
				49A6755024D19CDF009EC846 /* covid-19-graphTests */,
				49A6755B24D19CDF009EC846 /* covid-19-graphUITests */,
				49A6753824D19CDA009EC846 /* Products */,
				4820067A9120109959F2309A /* Pods */,
				47D8F619B6CBE1BB2DD3D646 /* Frameworks */,
			);
			sourceTree = "<group>";
		};
		49A6753824D19CDA009EC846 /* Products */ = {
			isa = PBXGroup;
			children = (
				49A6753724D19CDA009EC846 /* covid-19-graph.app */,
				49A6754D24D19CDF009EC846 /* covid-19-graphTests.xctest */,
				49A6755824D19CDF009EC846 /* covid-19-graphUITests.xctest */,
			);
			name = Products;
			sourceTree = "<group>";
		};
		49A6753924D19CDA009EC846 /* covid-19-graph */ = {
			isa = PBXGroup;
			children = (
				498EDF1824D2FB58000CB11B /* Configurations */,
				49A6753A24D19CDA009EC846 /* AppDelegate.swift */,
				49A6753C24D19CDA009EC846 /* SceneDelegate.swift */,
				49A6753E24D19CDA009EC846 /* ViewController.swift */,
				49A6754024D19CDA009EC846 /* Main.storyboard */,
				49A6754324D19CDE009EC846 /* Assets.xcassets */,
				49A6754524D19CDE009EC846 /* LaunchScreen.storyboard */,
				49A6754824D19CDE009EC846 /* Info.plist */,
			);
			path = "covid-19-graph";
			sourceTree = "<group>";
		};
		49A6755024D19CDF009EC846 /* covid-19-graphTests */ = {
			isa = PBXGroup;
			children = (
				49A6755124D19CDF009EC846 /* covid_19_graphTests.swift */,
				49A6755324D19CDF009EC846 /* Info.plist */,
			);
			path = "covid-19-graphTests";
			sourceTree = "<group>";
		};
		49A6755B24D19CDF009EC846 /* covid-19-graphUITests */ = {
			isa = PBXGroup;
			children = (
				49A6755C24D19CDF009EC846 /* covid_19_graphUITests.swift */,
				49A6755E24D19CDF009EC846 /* Info.plist */,
			);
			path = "covid-19-graphUITests";
			sourceTree = "<group>";
		};
/* End PBXGroup section */

/* Begin PBXNativeTarget section */
		49A6753624D19CDA009EC846 /* covid-19-graph */ = {
			isa = PBXNativeTarget;
			buildConfigurationList = 49A6756124D19CDF009EC846 /* Build configuration list for PBXNativeTarget "covid-19-graph" */;
			buildPhases = (
				63038886BEC86F000EF692E2 /* [CP] Check Pods Manifest.lock */,
				49A6753324D19CDA009EC846 /* Sources */,
				49A6753424D19CDA009EC846 /* Frameworks */,
				49A6753524D19CDA009EC846 /* Resources */,
				494DB3D024D1A69D00C391EA /* ShellScript */,
			);
			buildRules = (
			);
			dependencies = (
			);
			name = "covid-19-graph";
			productName = "covid-19-graph";
			productReference = 49A6753724D19CDA009EC846 /* covid-19-graph.app */;
			productType = "com.apple.product-type.application";
		};
		49A6754C24D19CDF009EC846 /* covid-19-graphTests */ = {
			isa = PBXNativeTarget;
			buildConfigurationList = 49A6756424D19CDF009EC846 /* Build configuration list for PBXNativeTarget "covid-19-graphTests" */;
			buildPhases = (
				2F38109C82DE0E9BF99DD529 /* [CP] Check Pods Manifest.lock */,
				49A6754924D19CDF009EC846 /* Sources */,
				49A6754A24D19CDF009EC846 /* Frameworks */,
				49A6754B24D19CDF009EC846 /* Resources */,
			);
			buildRules = (
			);
			dependencies = (
				49A6754F24D19CDF009EC846 /* PBXTargetDependency */,
			);
			name = "covid-19-graphTests";
			productName = "covid-19-graphTests";
			productReference = 49A6754D24D19CDF009EC846 /* covid-19-graphTests.xctest */;
			productType = "com.apple.product-type.bundle.unit-test";
		};
		49A6755724D19CDF009EC846 /* covid-19-graphUITests */ = {
			isa = PBXNativeTarget;
			buildConfigurationList = 49A6756724D19CDF009EC846 /* Build configuration list for PBXNativeTarget "covid-19-graphUITests" */;
			buildPhases = (
				796F45B2880593EDA65929C3 /* [CP] Check Pods Manifest.lock */,
				49A6755424D19CDF009EC846 /* Sources */,
				49A6755524D19CDF009EC846 /* Frameworks */,
				49A6755624D19CDF009EC846 /* Resources */,
			);
			buildRules = (
			);
			dependencies = (
				49A6755A24D19CDF009EC846 /* PBXTargetDependency */,
			);
			name = "covid-19-graphUITests";
			productName = "covid-19-graphUITests";
			productReference = 49A6755824D19CDF009EC846 /* covid-19-graphUITests.xctest */;
			productType = "com.apple.product-type.bundle.ui-testing";
		};
/* End PBXNativeTarget section */

/* Begin PBXProject section */
		49A6752F24D19CDA009EC846 /* Project object */ = {
			isa = PBXProject;
			attributes = {
				LastSwiftUpdateCheck = 1150;
				LastUpgradeCheck = 1150;
				ORGANIZATIONNAME = "石島樹";
				TargetAttributes = {
					49A6753624D19CDA009EC846 = {
						CreatedOnToolsVersion = 11.5;
					};
					49A6754C24D19CDF009EC846 = {
						CreatedOnToolsVersion = 11.5;
						TestTargetID = 49A6753624D19CDA009EC846;
					};
					49A6755724D19CDF009EC846 = {
						CreatedOnToolsVersion = 11.5;
						TestTargetID = 49A6753624D19CDA009EC846;
					};
				};
			};
			buildConfigurationList = 49A6753224D19CDA009EC846 /* Build configuration list for PBXProject "covid-19-graph" */;
			compatibilityVersion = "Xcode 9.3";
			developmentRegion = en;
			hasScannedForEncodings = 0;
			knownRegions = (
				en,
				Base,
			);
			mainGroup = 49A6752E24D19CDA009EC846;
			productRefGroup = 49A6753824D19CDA009EC846 /* Products */;
			projectDirPath = "";
			projectRoot = "";
			targets = (
				49A6753624D19CDA009EC846 /* covid-19-graph */,
				49A6754C24D19CDF009EC846 /* covid-19-graphTests */,
				49A6755724D19CDF009EC846 /* covid-19-graphUITests */,
			);
		};
/* End PBXProject section */

/* Begin PBXResourcesBuildPhase section */
		49A6753524D19CDA009EC846 /* Resources */ = {
			isa = PBXResourcesBuildPhase;
			buildActionMask = 2147483647;
			files = (
				498EDF1724D2F730000CB11B /* .swiftlint.yml in Resources */,
				49A6754724D19CDE009EC846 /* LaunchScreen.storyboard in Resources */,
				49A6754424D19CDE009EC846 /* Assets.xcassets in Resources */,
				49A6754224D19CDA009EC846 /* Main.storyboard in Resources */,
			);
			runOnlyForDeploymentPostprocessing = 0;
		};
		49A6754B24D19CDF009EC846 /* Resources */ = {
			isa = PBXResourcesBuildPhase;
			buildActionMask = 2147483647;
			files = (
			);
			runOnlyForDeploymentPostprocessing = 0;
		};
		49A6755624D19CDF009EC846 /* Resources */ = {
			isa = PBXResourcesBuildPhase;
			buildActionMask = 2147483647;
			files = (
			);
			runOnlyForDeploymentPostprocessing = 0;
		};
/* End PBXResourcesBuildPhase section */

/* Begin PBXShellScriptBuildPhase section */
		2F38109C82DE0E9BF99DD529 /* [CP] Check Pods Manifest.lock */ = {
			isa = PBXShellScriptBuildPhase;
			buildActionMask = 2147483647;
			files = (
			);
			inputFileListPaths = (
			);
			inputPaths = (
				"${PODS_PODFILE_DIR_PATH}/Podfile.lock",
				"${PODS_ROOT}/Manifest.lock",
			);
			name = "[CP] Check Pods Manifest.lock";
			outputFileListPaths = (
			);
			outputPaths = (
				"$(DERIVED_FILE_DIR)/Pods-covid-19-graphTests-checkManifestLockResult.txt",
			);
			runOnlyForDeploymentPostprocessing = 0;
			shellPath = /bin/sh;
			shellScript = "diff \"${PODS_PODFILE_DIR_PATH}/Podfile.lock\" \"${PODS_ROOT}/Manifest.lock\" > /dev/null\nif [ $? != 0 ] ; then\n    # print error to STDERR\n    echo \"error: The sandbox is not in sync with the Podfile.lock. Run 'pod install' or update your CocoaPods installation.\" >&2\n    exit 1\nfi\n# This output is used by Xcode 'outputs' to avoid re-running this script phase.\necho \"SUCCESS\" > \"${SCRIPT_OUTPUT_FILE_0}\"\n";
			showEnvVarsInLog = 0;
		};
		494DB3D024D1A69D00C391EA /* ShellScript */ = {
			isa = PBXShellScriptBuildPhase;
			buildActionMask = 2147483647;
			files = (
			);
			inputFileListPaths = (
			);
			inputPaths = (
				"$(SRCROOT)/Carthage/Build/iOS/APIKit.framework",
				"$(SRCROOT)/Carthage/Build/iOS/SVProgressHUD.framework",
				"$(SRCROOT)/Carthage/Build/iOS/ReactiveSwift.framework",
				"$(SRCROOT)/Carthage/Build/iOS/ReactiveCocoa.framework",
			);
			outputFileListPaths = (
			);
			outputPaths = (
			);
			runOnlyForDeploymentPostprocessing = 0;
			shellPath = /bin/sh;
			shellScript = "# Carthage setting\n/usr/local/bin/carthage copy-frameworks\n\n# SwiftFormat setting\n./Pods/SwiftFormat/CommandLineTool/swiftformat . --exclude Carthage,Pods --trimwhitespace nonblank-lines --stripunusedargs closure-only --disable strongOutlets,trailingCommas\n\n# SwiftLint setting\nif which ./Pods/SwiftLint/swiftlint > /dev/null; then\n    ./Pods/SwiftLint/swiftlint autocorrect --format\n    ./Pods/SwiftLint/swiftlint\nelse\n    echo \"warning: SwiftLint not installed, download from https://github.com/realm/SwiftLint\"\nfi\n";
		};
		63038886BEC86F000EF692E2 /* [CP] Check Pods Manifest.lock */ = {
			isa = PBXShellScriptBuildPhase;
			buildActionMask = 2147483647;
			files = (
			);
			inputFileListPaths = (
			);
			inputPaths = (
				"${PODS_PODFILE_DIR_PATH}/Podfile.lock",
				"${PODS_ROOT}/Manifest.lock",
			);
			name = "[CP] Check Pods Manifest.lock";
			outputFileListPaths = (
			);
			outputPaths = (
				"$(DERIVED_FILE_DIR)/Pods-covid-19-graph-checkManifestLockResult.txt",
			);
			runOnlyForDeploymentPostprocessing = 0;
			shellPath = /bin/sh;
			shellScript = "diff \"${PODS_PODFILE_DIR_PATH}/Podfile.lock\" \"${PODS_ROOT}/Manifest.lock\" > /dev/null\nif [ $? != 0 ] ; then\n    # print error to STDERR\n    echo \"error: The sandbox is not in sync with the Podfile.lock. Run 'pod install' or update your CocoaPods installation.\" >&2\n    exit 1\nfi\n# This output is used by Xcode 'outputs' to avoid re-running this script phase.\necho \"SUCCESS\" > \"${SCRIPT_OUTPUT_FILE_0}\"\n";
			showEnvVarsInLog = 0;
		};
		796F45B2880593EDA65929C3 /* [CP] Check Pods Manifest.lock */ = {
			isa = PBXShellScriptBuildPhase;
			buildActionMask = 2147483647;
			files = (
			);
			inputFileListPaths = (
			);
			inputPaths = (
				"${PODS_PODFILE_DIR_PATH}/Podfile.lock",
				"${PODS_ROOT}/Manifest.lock",
			);
			name = "[CP] Check Pods Manifest.lock";
			outputFileListPaths = (
			);
			outputPaths = (
				"$(DERIVED_FILE_DIR)/Pods-covid-19-graph-covid-19-graphUITests-checkManifestLockResult.txt",
			);
			runOnlyForDeploymentPostprocessing = 0;
			shellPath = /bin/sh;
			shellScript = "diff \"${PODS_PODFILE_DIR_PATH}/Podfile.lock\" \"${PODS_ROOT}/Manifest.lock\" > /dev/null\nif [ $? != 0 ] ; then\n    # print error to STDERR\n    echo \"error: The sandbox is not in sync with the Podfile.lock. Run 'pod install' or update your CocoaPods installation.\" >&2\n    exit 1\nfi\n# This output is used by Xcode 'outputs' to avoid re-running this script phase.\necho \"SUCCESS\" > \"${SCRIPT_OUTPUT_FILE_0}\"\n";
			showEnvVarsInLog = 0;
		};
/* End PBXShellScriptBuildPhase section */

/* Begin PBXSourcesBuildPhase section */
		49A6753324D19CDA009EC846 /* Sources */ = {
			isa = PBXSourcesBuildPhase;
			buildActionMask = 2147483647;
			files = (
				49A6753F24D19CDA009EC846 /* ViewController.swift in Sources */,
				49A6753B24D19CDA009EC846 /* AppDelegate.swift in Sources */,
				49A6753D24D19CDA009EC846 /* SceneDelegate.swift in Sources */,
			);
			runOnlyForDeploymentPostprocessing = 0;
		};
		49A6754924D19CDF009EC846 /* Sources */ = {
			isa = PBXSourcesBuildPhase;
			buildActionMask = 2147483647;
			files = (
				49A6755224D19CDF009EC846 /* covid_19_graphTests.swift in Sources */,
			);
			runOnlyForDeploymentPostprocessing = 0;
		};
		49A6755424D19CDF009EC846 /* Sources */ = {
			isa = PBXSourcesBuildPhase;
			buildActionMask = 2147483647;
			files = (
				49A6755D24D19CDF009EC846 /* covid_19_graphUITests.swift in Sources */,
			);
			runOnlyForDeploymentPostprocessing = 0;
		};
/* End PBXSourcesBuildPhase section */

/* Begin PBXTargetDependency section */
		49A6754F24D19CDF009EC846 /* PBXTargetDependency */ = {
			isa = PBXTargetDependency;
			target = 49A6753624D19CDA009EC846 /* covid-19-graph */;
			targetProxy = 49A6754E24D19CDF009EC846 /* PBXContainerItemProxy */;
		};
		49A6755A24D19CDF009EC846 /* PBXTargetDependency */ = {
			isa = PBXTargetDependency;
			target = 49A6753624D19CDA009EC846 /* covid-19-graph */;
			targetProxy = 49A6755924D19CDF009EC846 /* PBXContainerItemProxy */;
		};
/* End PBXTargetDependency section */

/* Begin PBXVariantGroup section */
		49A6754024D19CDA009EC846 /* Main.storyboard */ = {
			isa = PBXVariantGroup;
			children = (
				49A6754124D19CDA009EC846 /* Base */,
			);
			name = Main.storyboard;
			sourceTree = "<group>";
		};
		49A6754524D19CDE009EC846 /* LaunchScreen.storyboard */ = {
			isa = PBXVariantGroup;
			children = (
				49A6754624D19CDE009EC846 /* Base */,
			);
			name = LaunchScreen.storyboard;
			sourceTree = "<group>";
		};
/* End PBXVariantGroup section */

/* Begin XCBuildConfiguration section */
		498EDF2424D3009A000CB11B /* Debug-Development */ = {
			isa = XCBuildConfiguration;
			baseConfigurationReference = 498EDF1E24D2FBE3000CB11B /* Debug-Development.xcconfig */;
			buildSettings = {
				ALWAYS_SEARCH_USER_PATHS = NO;
				CLANG_ANALYZER_NONNULL = YES;
				CLANG_ANALYZER_NUMBER_OBJECT_CONVERSION = YES_AGGRESSIVE;
				CLANG_CXX_LANGUAGE_STANDARD = "gnu++14";
				CLANG_CXX_LIBRARY = "libc++";
				CLANG_ENABLE_MODULES = YES;
				CLANG_ENABLE_OBJC_ARC = YES;
				CLANG_ENABLE_OBJC_WEAK = YES;
				CLANG_WARN_BLOCK_CAPTURE_AUTORELEASING = YES;
				CLANG_WARN_BOOL_CONVERSION = YES;
				CLANG_WARN_COMMA = YES;
				CLANG_WARN_CONSTANT_CONVERSION = YES;
				CLANG_WARN_DEPRECATED_OBJC_IMPLEMENTATIONS = YES;
				CLANG_WARN_DIRECT_OBJC_ISA_USAGE = YES_ERROR;
				CLANG_WARN_DOCUMENTATION_COMMENTS = YES;
				CLANG_WARN_EMPTY_BODY = YES;
				CLANG_WARN_ENUM_CONVERSION = YES;
				CLANG_WARN_INFINITE_RECURSION = YES;
				CLANG_WARN_INT_CONVERSION = YES;
				CLANG_WARN_NON_LITERAL_NULL_CONVERSION = YES;
				CLANG_WARN_OBJC_IMPLICIT_RETAIN_SELF = YES;
				CLANG_WARN_OBJC_LITERAL_CONVERSION = YES;
				CLANG_WARN_OBJC_ROOT_CLASS = YES_ERROR;
				CLANG_WARN_RANGE_LOOP_ANALYSIS = YES;
				CLANG_WARN_STRICT_PROTOTYPES = YES;
				CLANG_WARN_SUSPICIOUS_MOVE = YES;
				CLANG_WARN_UNGUARDED_AVAILABILITY = YES_AGGRESSIVE;
				CLANG_WARN_UNREACHABLE_CODE = YES;
				CLANG_WARN__DUPLICATE_METHOD_MATCH = YES;
				COPY_PHASE_STRIP = NO;
				DEBUG_INFORMATION_FORMAT = dwarf;
				ENABLE_STRICT_OBJC_MSGSEND = YES;
				ENABLE_TESTABILITY = YES;
				GCC_C_LANGUAGE_STANDARD = gnu11;
				GCC_DYNAMIC_NO_PIC = NO;
				GCC_NO_COMMON_BLOCKS = YES;
				GCC_OPTIMIZATION_LEVEL = 0;
				GCC_PREPROCESSOR_DEFINITIONS = (
					"DEBUG=1",
					"$(inherited)",
				);
				GCC_WARN_64_TO_32_BIT_CONVERSION = YES;
				GCC_WARN_ABOUT_RETURN_TYPE = YES_ERROR;
				GCC_WARN_UNDECLARED_SELECTOR = YES;
				GCC_WARN_UNINITIALIZED_AUTOS = YES_AGGRESSIVE;
				GCC_WARN_UNUSED_FUNCTION = YES;
				GCC_WARN_UNUSED_VARIABLE = YES;
				IPHONEOS_DEPLOYMENT_TARGET = 13.0;
				MTL_ENABLE_DEBUG_INFO = INCLUDE_SOURCE;
				MTL_FAST_MATH = YES;
				ONLY_ACTIVE_ARCH = YES;
				SDKROOT = iphoneos;
				SWIFT_ACTIVE_COMPILATION_CONDITIONS = DEBUG;
				SWIFT_OPTIMIZATION_LEVEL = "-Onone";
			};
			name = "Debug-Development";
		};
		498EDF2524D3009A000CB11B /* Debug-Development */ = {
			isa = XCBuildConfiguration;
			baseConfigurationReference = 498EDF1E24D2FBE3000CB11B /* Debug-Development.xcconfig */;
			buildSettings = {
				ASSETCATALOG_COMPILER_APPICON_NAME = AppIcon;
				CODE_SIGN_STYLE = Manual;
				DEVELOPMENT_TEAM = "";
				FRAMEWORK_SEARCH_PATHS = (
					"$(inherited)",
					"$(PROJECT_DIR)/Carthage/Build/iOS",
				);
				INFOPLIST_FILE = "covid-19-graph/Info.plist";
				IPHONEOS_DEPLOYMENT_TARGET = 13.0;
				LD_RUNPATH_SEARCH_PATHS = (
					"$(inherited)",
					"@executable_path/Frameworks",
				);
				PRODUCT_NAME = "$(TARGET_NAME)";
				PROVISIONING_PROFILE_SPECIFIER = "";
				SWIFT_VERSION = 5.0;
				TARGETED_DEVICE_FAMILY = 1;
			};
			name = "Debug-Development";
		};
		498EDF2624D3009A000CB11B /* Debug-Development */ = {
			isa = XCBuildConfiguration;
			baseConfigurationReference = 2AD787A6CB352CBA95D75F45 /* Pods-covid-19-graphTests.debug-development.xcconfig */;
			buildSettings = {
				ALWAYS_EMBED_SWIFT_STANDARD_LIBRARIES = YES;
				BUNDLE_LOADER = "$(TEST_HOST)";
				CODE_SIGN_STYLE = Automatic;
				DEVELOPMENT_TEAM = 2F6D29Y538;
				INFOPLIST_FILE = "covid-19-graphTests/Info.plist";
				IPHONEOS_DEPLOYMENT_TARGET = 13.5;
				LD_RUNPATH_SEARCH_PATHS = (
					"$(inherited)",
					"@executable_path/Frameworks",
					"@loader_path/Frameworks",
				);
				PRODUCT_BUNDLE_IDENTIFIER = "com.tatsuki.covid-19-graphTests";
				PRODUCT_NAME = "$(TARGET_NAME)";
				SWIFT_VERSION = 5.0;
				TARGETED_DEVICE_FAMILY = "1,2";
				TEST_HOST = "$(BUILT_PRODUCTS_DIR)/covid-19-graph.app/covid-19-graph";
			};
			name = "Debug-Development";
		};
		498EDF2724D3009A000CB11B /* Debug-Development */ = {
			isa = XCBuildConfiguration;
			baseConfigurationReference = 7AD7BFEAF774271AC8699AF9 /* Pods-covid-19-graph-covid-19-graphUITests.debug-development.xcconfig */;
			buildSettings = {
				ALWAYS_EMBED_SWIFT_STANDARD_LIBRARIES = YES;
				CODE_SIGN_STYLE = Automatic;
				DEVELOPMENT_TEAM = 2F6D29Y538;
				INFOPLIST_FILE = "covid-19-graphUITests/Info.plist";
				LD_RUNPATH_SEARCH_PATHS = (
					"$(inherited)",
					"@executable_path/Frameworks",
					"@loader_path/Frameworks",
				);
				PRODUCT_BUNDLE_IDENTIFIER = "com.tatsuki.covid-19-graphUITests";
				PRODUCT_NAME = "$(TARGET_NAME)";
				SWIFT_VERSION = 5.0;
				TARGETED_DEVICE_FAMILY = "1,2";
				TEST_TARGET_NAME = "covid-19-graph";
			};
			name = "Debug-Development";
		};
		498EDF2824D300A4000CB11B /* Debug-Staging */ = {
			isa = XCBuildConfiguration;
			baseConfigurationReference = 498EDF1F24D2FBF1000CB11B /* Debug-Staging.xcconfig */;
			buildSettings = {
				ALWAYS_SEARCH_USER_PATHS = NO;
				CLANG_ANALYZER_NONNULL = YES;
				CLANG_ANALYZER_NUMBER_OBJECT_CONVERSION = YES_AGGRESSIVE;
				CLANG_CXX_LANGUAGE_STANDARD = "gnu++14";
				CLANG_CXX_LIBRARY = "libc++";
				CLANG_ENABLE_MODULES = YES;
				CLANG_ENABLE_OBJC_ARC = YES;
				CLANG_ENABLE_OBJC_WEAK = YES;
				CLANG_WARN_BLOCK_CAPTURE_AUTORELEASING = YES;
				CLANG_WARN_BOOL_CONVERSION = YES;
				CLANG_WARN_COMMA = YES;
				CLANG_WARN_CONSTANT_CONVERSION = YES;
				CLANG_WARN_DEPRECATED_OBJC_IMPLEMENTATIONS = YES;
				CLANG_WARN_DIRECT_OBJC_ISA_USAGE = YES_ERROR;
				CLANG_WARN_DOCUMENTATION_COMMENTS = YES;
				CLANG_WARN_EMPTY_BODY = YES;
				CLANG_WARN_ENUM_CONVERSION = YES;
				CLANG_WARN_INFINITE_RECURSION = YES;
				CLANG_WARN_INT_CONVERSION = YES;
				CLANG_WARN_NON_LITERAL_NULL_CONVERSION = YES;
				CLANG_WARN_OBJC_IMPLICIT_RETAIN_SELF = YES;
				CLANG_WARN_OBJC_LITERAL_CONVERSION = YES;
				CLANG_WARN_OBJC_ROOT_CLASS = YES_ERROR;
				CLANG_WARN_RANGE_LOOP_ANALYSIS = YES;
				CLANG_WARN_STRICT_PROTOTYPES = YES;
				CLANG_WARN_SUSPICIOUS_MOVE = YES;
				CLANG_WARN_UNGUARDED_AVAILABILITY = YES_AGGRESSIVE;
				CLANG_WARN_UNREACHABLE_CODE = YES;
				CLANG_WARN__DUPLICATE_METHOD_MATCH = YES;
				COPY_PHASE_STRIP = NO;
				DEBUG_INFORMATION_FORMAT = dwarf;
				ENABLE_STRICT_OBJC_MSGSEND = YES;
				ENABLE_TESTABILITY = YES;
				GCC_C_LANGUAGE_STANDARD = gnu11;
				GCC_DYNAMIC_NO_PIC = NO;
				GCC_NO_COMMON_BLOCKS = YES;
				GCC_OPTIMIZATION_LEVEL = 0;
				GCC_PREPROCESSOR_DEFINITIONS = (
					"DEBUG=1",
					"$(inherited)",
				);
				GCC_WARN_64_TO_32_BIT_CONVERSION = YES;
				GCC_WARN_ABOUT_RETURN_TYPE = YES_ERROR;
				GCC_WARN_UNDECLARED_SELECTOR = YES;
				GCC_WARN_UNINITIALIZED_AUTOS = YES_AGGRESSIVE;
				GCC_WARN_UNUSED_FUNCTION = YES;
				GCC_WARN_UNUSED_VARIABLE = YES;
				IPHONEOS_DEPLOYMENT_TARGET = 13.0;
				MTL_ENABLE_DEBUG_INFO = INCLUDE_SOURCE;
				MTL_FAST_MATH = YES;
				ONLY_ACTIVE_ARCH = YES;
				SDKROOT = iphoneos;
				SWIFT_ACTIVE_COMPILATION_CONDITIONS = DEBUG;
				SWIFT_OPTIMIZATION_LEVEL = "-Onone";
			};
			name = "Debug-Staging";
		};
		498EDF2924D300A4000CB11B /* Debug-Staging */ = {
			isa = XCBuildConfiguration;
			baseConfigurationReference = 498EDF1F24D2FBF1000CB11B /* Debug-Staging.xcconfig */;
			buildSettings = {
				ASSETCATALOG_COMPILER_APPICON_NAME = AppIcon;
				CODE_SIGN_STYLE = Manual;
				DEVELOPMENT_TEAM = "";
				FRAMEWORK_SEARCH_PATHS = (
					"$(inherited)",
					"$(PROJECT_DIR)/Carthage/Build/iOS",
				);
				INFOPLIST_FILE = "covid-19-graph/Info.plist";
				IPHONEOS_DEPLOYMENT_TARGET = 13.0;
				LD_RUNPATH_SEARCH_PATHS = (
					"$(inherited)",
					"@executable_path/Frameworks",
				);
				PRODUCT_NAME = "$(TARGET_NAME)";
				PROVISIONING_PROFILE_SPECIFIER = "";
				SWIFT_VERSION = 5.0;
				TARGETED_DEVICE_FAMILY = 1;
			};
			name = "Debug-Staging";
		};
		498EDF2A24D300A4000CB11B /* Debug-Staging */ = {
			isa = XCBuildConfiguration;
			baseConfigurationReference = D1FE10C672007FCF1DAC000F /* Pods-covid-19-graphTests.debug-staging.xcconfig */;
			buildSettings = {
				ALWAYS_EMBED_SWIFT_STANDARD_LIBRARIES = YES;
				BUNDLE_LOADER = "$(TEST_HOST)";
				CODE_SIGN_STYLE = Automatic;
				DEVELOPMENT_TEAM = 2F6D29Y538;
				INFOPLIST_FILE = "covid-19-graphTests/Info.plist";
				IPHONEOS_DEPLOYMENT_TARGET = 13.5;
				LD_RUNPATH_SEARCH_PATHS = (
					"$(inherited)",
					"@executable_path/Frameworks",
					"@loader_path/Frameworks",
				);
				PRODUCT_BUNDLE_IDENTIFIER = "com.tatsuki.covid-19-graphTests";
				PRODUCT_NAME = "$(TARGET_NAME)";
				SWIFT_VERSION = 5.0;
				TARGETED_DEVICE_FAMILY = "1,2";
				TEST_HOST = "$(BUILT_PRODUCTS_DIR)/covid-19-graph.app/covid-19-graph";
			};
			name = "Debug-Staging";
		};
		498EDF2B24D300A4000CB11B /* Debug-Staging */ = {
			isa = XCBuildConfiguration;
			baseConfigurationReference = 1DE86482C42D5371F6A4F548 /* Pods-covid-19-graph-covid-19-graphUITests.debug-staging.xcconfig */;
			buildSettings = {
				ALWAYS_EMBED_SWIFT_STANDARD_LIBRARIES = YES;
				CODE_SIGN_STYLE = Automatic;
				DEVELOPMENT_TEAM = 2F6D29Y538;
				INFOPLIST_FILE = "covid-19-graphUITests/Info.plist";
				LD_RUNPATH_SEARCH_PATHS = (
					"$(inherited)",
					"@executable_path/Frameworks",
					"@loader_path/Frameworks",
				);
				PRODUCT_BUNDLE_IDENTIFIER = "com.tatsuki.covid-19-graphUITests";
				PRODUCT_NAME = "$(TARGET_NAME)";
				SWIFT_VERSION = 5.0;
				TARGETED_DEVICE_FAMILY = "1,2";
				TEST_TARGET_NAME = "covid-19-graph";
			};
			name = "Debug-Staging";
		};
		498EDF2C24D300AE000CB11B /* Debug-Production */ = {
			isa = XCBuildConfiguration;
			baseConfigurationReference = 498EDF2024D2FC02000CB11B /* Debug-Production.xcconfig */;
			buildSettings = {
				ALWAYS_SEARCH_USER_PATHS = NO;
				CLANG_ANALYZER_NONNULL = YES;
				CLANG_ANALYZER_NUMBER_OBJECT_CONVERSION = YES_AGGRESSIVE;
				CLANG_CXX_LANGUAGE_STANDARD = "gnu++14";
				CLANG_CXX_LIBRARY = "libc++";
				CLANG_ENABLE_MODULES = YES;
				CLANG_ENABLE_OBJC_ARC = YES;
				CLANG_ENABLE_OBJC_WEAK = YES;
				CLANG_WARN_BLOCK_CAPTURE_AUTORELEASING = YES;
				CLANG_WARN_BOOL_CONVERSION = YES;
				CLANG_WARN_COMMA = YES;
				CLANG_WARN_CONSTANT_CONVERSION = YES;
				CLANG_WARN_DEPRECATED_OBJC_IMPLEMENTATIONS = YES;
				CLANG_WARN_DIRECT_OBJC_ISA_USAGE = YES_ERROR;
				CLANG_WARN_DOCUMENTATION_COMMENTS = YES;
				CLANG_WARN_EMPTY_BODY = YES;
				CLANG_WARN_ENUM_CONVERSION = YES;
				CLANG_WARN_INFINITE_RECURSION = YES;
				CLANG_WARN_INT_CONVERSION = YES;
				CLANG_WARN_NON_LITERAL_NULL_CONVERSION = YES;
				CLANG_WARN_OBJC_IMPLICIT_RETAIN_SELF = YES;
				CLANG_WARN_OBJC_LITERAL_CONVERSION = YES;
				CLANG_WARN_OBJC_ROOT_CLASS = YES_ERROR;
				CLANG_WARN_RANGE_LOOP_ANALYSIS = YES;
				CLANG_WARN_STRICT_PROTOTYPES = YES;
				CLANG_WARN_SUSPICIOUS_MOVE = YES;
				CLANG_WARN_UNGUARDED_AVAILABILITY = YES_AGGRESSIVE;
				CLANG_WARN_UNREACHABLE_CODE = YES;
				CLANG_WARN__DUPLICATE_METHOD_MATCH = YES;
				COPY_PHASE_STRIP = NO;
				DEBUG_INFORMATION_FORMAT = dwarf;
				ENABLE_STRICT_OBJC_MSGSEND = YES;
				ENABLE_TESTABILITY = YES;
				GCC_C_LANGUAGE_STANDARD = gnu11;
				GCC_DYNAMIC_NO_PIC = NO;
				GCC_NO_COMMON_BLOCKS = YES;
				GCC_OPTIMIZATION_LEVEL = 0;
				GCC_PREPROCESSOR_DEFINITIONS = (
					"DEBUG=1",
					"$(inherited)",
				);
				GCC_WARN_64_TO_32_BIT_CONVERSION = YES;
				GCC_WARN_ABOUT_RETURN_TYPE = YES_ERROR;
				GCC_WARN_UNDECLARED_SELECTOR = YES;
				GCC_WARN_UNINITIALIZED_AUTOS = YES_AGGRESSIVE;
				GCC_WARN_UNUSED_FUNCTION = YES;
				GCC_WARN_UNUSED_VARIABLE = YES;
				IPHONEOS_DEPLOYMENT_TARGET = 13.0;
				MTL_ENABLE_DEBUG_INFO = INCLUDE_SOURCE;
				MTL_FAST_MATH = YES;
				ONLY_ACTIVE_ARCH = YES;
				SDKROOT = iphoneos;
				SWIFT_ACTIVE_COMPILATION_CONDITIONS = DEBUG;
				SWIFT_OPTIMIZATION_LEVEL = "-Onone";
			};
			name = "Debug-Production";
		};
		498EDF2D24D300AE000CB11B /* Debug-Production */ = {
			isa = XCBuildConfiguration;
			baseConfigurationReference = 498EDF2024D2FC02000CB11B /* Debug-Production.xcconfig */;
			buildSettings = {
				ASSETCATALOG_COMPILER_APPICON_NAME = AppIcon;
				CODE_SIGN_STYLE = Manual;
				DEVELOPMENT_TEAM = "";
				FRAMEWORK_SEARCH_PATHS = (
					"$(inherited)",
					"$(PROJECT_DIR)/Carthage/Build/iOS",
				);
				INFOPLIST_FILE = "covid-19-graph/Info.plist";
				IPHONEOS_DEPLOYMENT_TARGET = 13.0;
				LD_RUNPATH_SEARCH_PATHS = (
					"$(inherited)",
					"@executable_path/Frameworks",
				);
				PRODUCT_NAME = "$(TARGET_NAME)";
				PROVISIONING_PROFILE_SPECIFIER = "";
				SWIFT_VERSION = 5.0;
				TARGETED_DEVICE_FAMILY = 1;
			};
			name = "Debug-Production";
		};
		498EDF2E24D300AE000CB11B /* Debug-Production */ = {
			isa = XCBuildConfiguration;
			baseConfigurationReference = 232FEF5FAF0EF7B188CBA7B2 /* Pods-covid-19-graphTests.debug-production.xcconfig */;
			buildSettings = {
				ALWAYS_EMBED_SWIFT_STANDARD_LIBRARIES = YES;
				BUNDLE_LOADER = "$(TEST_HOST)";
				CODE_SIGN_STYLE = Automatic;
				DEVELOPMENT_TEAM = 2F6D29Y538;
				INFOPLIST_FILE = "covid-19-graphTests/Info.plist";
				IPHONEOS_DEPLOYMENT_TARGET = 13.5;
				LD_RUNPATH_SEARCH_PATHS = (
					"$(inherited)",
					"@executable_path/Frameworks",
					"@loader_path/Frameworks",
				);
				PRODUCT_BUNDLE_IDENTIFIER = "com.tatsuki.covid-19-graphTests";
				PRODUCT_NAME = "$(TARGET_NAME)";
				SWIFT_VERSION = 5.0;
				TARGETED_DEVICE_FAMILY = "1,2";
				TEST_HOST = "$(BUILT_PRODUCTS_DIR)/covid-19-graph.app/covid-19-graph";
			};
			name = "Debug-Production";
		};
		498EDF2F24D300AE000CB11B /* Debug-Production */ = {
			isa = XCBuildConfiguration;
			baseConfigurationReference = 7632440AAAFEAE6B2BF95123 /* Pods-covid-19-graph-covid-19-graphUITests.debug-production.xcconfig */;
			buildSettings = {
				ALWAYS_EMBED_SWIFT_STANDARD_LIBRARIES = YES;
				CODE_SIGN_STYLE = Automatic;
				DEVELOPMENT_TEAM = 2F6D29Y538;
				INFOPLIST_FILE = "covid-19-graphUITests/Info.plist";
				LD_RUNPATH_SEARCH_PATHS = (
					"$(inherited)",
					"@executable_path/Frameworks",
					"@loader_path/Frameworks",
				);
				PRODUCT_BUNDLE_IDENTIFIER = "com.tatsuki.covid-19-graphUITests";
				PRODUCT_NAME = "$(TARGET_NAME)";
				SWIFT_VERSION = 5.0;
				TARGETED_DEVICE_FAMILY = "1,2";
				TEST_TARGET_NAME = "covid-19-graph";
			};
			name = "Debug-Production";
		};
		498EDF3024D300BA000CB11B /* Release-Development */ = {
			isa = XCBuildConfiguration;
			baseConfigurationReference = 498EDF2124D2FC15000CB11B /* Release-Development.xcconfig */;
			buildSettings = {
				ALWAYS_SEARCH_USER_PATHS = NO;
				CLANG_ANALYZER_NONNULL = YES;
				CLANG_ANALYZER_NUMBER_OBJECT_CONVERSION = YES_AGGRESSIVE;
				CLANG_CXX_LANGUAGE_STANDARD = "gnu++14";
				CLANG_CXX_LIBRARY = "libc++";
				CLANG_ENABLE_MODULES = YES;
				CLANG_ENABLE_OBJC_ARC = YES;
				CLANG_ENABLE_OBJC_WEAK = YES;
				CLANG_WARN_BLOCK_CAPTURE_AUTORELEASING = YES;
				CLANG_WARN_BOOL_CONVERSION = YES;
				CLANG_WARN_COMMA = YES;
				CLANG_WARN_CONSTANT_CONVERSION = YES;
				CLANG_WARN_DEPRECATED_OBJC_IMPLEMENTATIONS = YES;
				CLANG_WARN_DIRECT_OBJC_ISA_USAGE = YES_ERROR;
				CLANG_WARN_DOCUMENTATION_COMMENTS = YES;
				CLANG_WARN_EMPTY_BODY = YES;
				CLANG_WARN_ENUM_CONVERSION = YES;
				CLANG_WARN_INFINITE_RECURSION = YES;
				CLANG_WARN_INT_CONVERSION = YES;
				CLANG_WARN_NON_LITERAL_NULL_CONVERSION = YES;
				CLANG_WARN_OBJC_IMPLICIT_RETAIN_SELF = YES;
				CLANG_WARN_OBJC_LITERAL_CONVERSION = YES;
				CLANG_WARN_OBJC_ROOT_CLASS = YES_ERROR;
				CLANG_WARN_RANGE_LOOP_ANALYSIS = YES;
				CLANG_WARN_STRICT_PROTOTYPES = YES;
				CLANG_WARN_SUSPICIOUS_MOVE = YES;
				CLANG_WARN_UNGUARDED_AVAILABILITY = YES_AGGRESSIVE;
				CLANG_WARN_UNREACHABLE_CODE = YES;
				CLANG_WARN__DUPLICATE_METHOD_MATCH = YES;
				COPY_PHASE_STRIP = NO;
				DEBUG_INFORMATION_FORMAT = "dwarf-with-dsym";
				ENABLE_NS_ASSERTIONS = NO;
				ENABLE_STRICT_OBJC_MSGSEND = YES;
				GCC_C_LANGUAGE_STANDARD = gnu11;
				GCC_NO_COMMON_BLOCKS = YES;
				GCC_WARN_64_TO_32_BIT_CONVERSION = YES;
				GCC_WARN_ABOUT_RETURN_TYPE = YES_ERROR;
				GCC_WARN_UNDECLARED_SELECTOR = YES;
				GCC_WARN_UNINITIALIZED_AUTOS = YES_AGGRESSIVE;
				GCC_WARN_UNUSED_FUNCTION = YES;
				GCC_WARN_UNUSED_VARIABLE = YES;
				IPHONEOS_DEPLOYMENT_TARGET = 13.0;
				MTL_ENABLE_DEBUG_INFO = NO;
				MTL_FAST_MATH = YES;
				SDKROOT = iphoneos;
				SWIFT_COMPILATION_MODE = wholemodule;
				SWIFT_OPTIMIZATION_LEVEL = "-O";
				VALIDATE_PRODUCT = YES;
			};
			name = "Release-Development";
		};
		498EDF3124D300BA000CB11B /* Release-Development */ = {
			isa = XCBuildConfiguration;
			baseConfigurationReference = 498EDF2124D2FC15000CB11B /* Release-Development.xcconfig */;
			buildSettings = {
				ASSETCATALOG_COMPILER_APPICON_NAME = AppIcon;
				CODE_SIGN_STYLE = Manual;
				DEVELOPMENT_TEAM = "";
				FRAMEWORK_SEARCH_PATHS = (
					"$(inherited)",
					"$(PROJECT_DIR)/Carthage/Build/iOS",
				);
				INFOPLIST_FILE = "covid-19-graph/Info.plist";
				IPHONEOS_DEPLOYMENT_TARGET = 13.0;
				LD_RUNPATH_SEARCH_PATHS = (
					"$(inherited)",
					"@executable_path/Frameworks",
				);
				PRODUCT_NAME = "$(TARGET_NAME)";
				PROVISIONING_PROFILE_SPECIFIER = "";
				SWIFT_VERSION = 5.0;
				TARGETED_DEVICE_FAMILY = 1;
			};
			name = "Release-Development";
		};
		498EDF3224D300BA000CB11B /* Release-Development */ = {
			isa = XCBuildConfiguration;
			baseConfigurationReference = 105DE34DB51D00E86DC719BC /* Pods-covid-19-graphTests.release-development.xcconfig */;
			buildSettings = {
				ALWAYS_EMBED_SWIFT_STANDARD_LIBRARIES = YES;
				BUNDLE_LOADER = "$(TEST_HOST)";
				CODE_SIGN_STYLE = Automatic;
				DEVELOPMENT_TEAM = 2F6D29Y538;
				INFOPLIST_FILE = "covid-19-graphTests/Info.plist";
				IPHONEOS_DEPLOYMENT_TARGET = 13.5;
				LD_RUNPATH_SEARCH_PATHS = (
					"$(inherited)",
					"@executable_path/Frameworks",
					"@loader_path/Frameworks",
				);
				PRODUCT_BUNDLE_IDENTIFIER = "com.tatsuki.covid-19-graphTests";
				PRODUCT_NAME = "$(TARGET_NAME)";
				SWIFT_VERSION = 5.0;
				TARGETED_DEVICE_FAMILY = "1,2";
				TEST_HOST = "$(BUILT_PRODUCTS_DIR)/covid-19-graph.app/covid-19-graph";
			};
			name = "Release-Development";
		};
		498EDF3324D300BA000CB11B /* Release-Development */ = {
			isa = XCBuildConfiguration;
			baseConfigurationReference = DBFB7FC4E03699CC6C79147A /* Pods-covid-19-graph-covid-19-graphUITests.release-development.xcconfig */;
			buildSettings = {
				ALWAYS_EMBED_SWIFT_STANDARD_LIBRARIES = YES;
				CODE_SIGN_STYLE = Automatic;
				DEVELOPMENT_TEAM = 2F6D29Y538;
				INFOPLIST_FILE = "covid-19-graphUITests/Info.plist";
				LD_RUNPATH_SEARCH_PATHS = (
					"$(inherited)",
					"@executable_path/Frameworks",
					"@loader_path/Frameworks",
				);
				PRODUCT_BUNDLE_IDENTIFIER = "com.tatsuki.covid-19-graphUITests";
				PRODUCT_NAME = "$(TARGET_NAME)";
				SWIFT_VERSION = 5.0;
				TARGETED_DEVICE_FAMILY = "1,2";
				TEST_TARGET_NAME = "covid-19-graph";
			};
			name = "Release-Development";
		};
		498EDF3424D300C3000CB11B /* Release-Staging */ = {
			isa = XCBuildConfiguration;
			baseConfigurationReference = 498EDF2224D2FC23000CB11B /* Release-Staging.xcconfig */;
			buildSettings = {
				ALWAYS_SEARCH_USER_PATHS = NO;
				CLANG_ANALYZER_NONNULL = YES;
				CLANG_ANALYZER_NUMBER_OBJECT_CONVERSION = YES_AGGRESSIVE;
				CLANG_CXX_LANGUAGE_STANDARD = "gnu++14";
				CLANG_CXX_LIBRARY = "libc++";
				CLANG_ENABLE_MODULES = YES;
				CLANG_ENABLE_OBJC_ARC = YES;
				CLANG_ENABLE_OBJC_WEAK = YES;
				CLANG_WARN_BLOCK_CAPTURE_AUTORELEASING = YES;
				CLANG_WARN_BOOL_CONVERSION = YES;
				CLANG_WARN_COMMA = YES;
				CLANG_WARN_CONSTANT_CONVERSION = YES;
				CLANG_WARN_DEPRECATED_OBJC_IMPLEMENTATIONS = YES;
				CLANG_WARN_DIRECT_OBJC_ISA_USAGE = YES_ERROR;
				CLANG_WARN_DOCUMENTATION_COMMENTS = YES;
				CLANG_WARN_EMPTY_BODY = YES;
				CLANG_WARN_ENUM_CONVERSION = YES;
				CLANG_WARN_INFINITE_RECURSION = YES;
				CLANG_WARN_INT_CONVERSION = YES;
				CLANG_WARN_NON_LITERAL_NULL_CONVERSION = YES;
				CLANG_WARN_OBJC_IMPLICIT_RETAIN_SELF = YES;
				CLANG_WARN_OBJC_LITERAL_CONVERSION = YES;
				CLANG_WARN_OBJC_ROOT_CLASS = YES_ERROR;
				CLANG_WARN_RANGE_LOOP_ANALYSIS = YES;
				CLANG_WARN_STRICT_PROTOTYPES = YES;
				CLANG_WARN_SUSPICIOUS_MOVE = YES;
				CLANG_WARN_UNGUARDED_AVAILABILITY = YES_AGGRESSIVE;
				CLANG_WARN_UNREACHABLE_CODE = YES;
				CLANG_WARN__DUPLICATE_METHOD_MATCH = YES;
				COPY_PHASE_STRIP = NO;
				DEBUG_INFORMATION_FORMAT = "dwarf-with-dsym";
				ENABLE_NS_ASSERTIONS = NO;
				ENABLE_STRICT_OBJC_MSGSEND = YES;
				GCC_C_LANGUAGE_STANDARD = gnu11;
				GCC_NO_COMMON_BLOCKS = YES;
				GCC_WARN_64_TO_32_BIT_CONVERSION = YES;
				GCC_WARN_ABOUT_RETURN_TYPE = YES_ERROR;
				GCC_WARN_UNDECLARED_SELECTOR = YES;
				GCC_WARN_UNINITIALIZED_AUTOS = YES_AGGRESSIVE;
				GCC_WARN_UNUSED_FUNCTION = YES;
				GCC_WARN_UNUSED_VARIABLE = YES;
				IPHONEOS_DEPLOYMENT_TARGET = 13.0;
				MTL_ENABLE_DEBUG_INFO = NO;
				MTL_FAST_MATH = YES;
				SDKROOT = iphoneos;
				SWIFT_COMPILATION_MODE = wholemodule;
				SWIFT_OPTIMIZATION_LEVEL = "-O";
				VALIDATE_PRODUCT = YES;
			};
			name = "Release-Staging";
		};
		498EDF3524D300C3000CB11B /* Release-Staging */ = {
			isa = XCBuildConfiguration;
			baseConfigurationReference = 498EDF2224D2FC23000CB11B /* Release-Staging.xcconfig */;
			buildSettings = {
				ASSETCATALOG_COMPILER_APPICON_NAME = AppIcon;
				CODE_SIGN_STYLE = Manual;
				DEVELOPMENT_TEAM = "";
				FRAMEWORK_SEARCH_PATHS = (
					"$(inherited)",
					"$(PROJECT_DIR)/Carthage/Build/iOS",
				);
				INFOPLIST_FILE = "covid-19-graph/Info.plist";
				IPHONEOS_DEPLOYMENT_TARGET = 13.0;
				LD_RUNPATH_SEARCH_PATHS = (
					"$(inherited)",
					"@executable_path/Frameworks",
				);
				PRODUCT_NAME = "$(TARGET_NAME)";
				PROVISIONING_PROFILE_SPECIFIER = "";
				SWIFT_VERSION = 5.0;
				TARGETED_DEVICE_FAMILY = 1;
			};
			name = "Release-Staging";
		};
		498EDF3624D300C3000CB11B /* Release-Staging */ = {
			isa = XCBuildConfiguration;
			baseConfigurationReference = B0215644974210492A4FC6C4 /* Pods-covid-19-graphTests.release-staging.xcconfig */;
			buildSettings = {
				ALWAYS_EMBED_SWIFT_STANDARD_LIBRARIES = YES;
				BUNDLE_LOADER = "$(TEST_HOST)";
				CODE_SIGN_STYLE = Automatic;
				DEVELOPMENT_TEAM = 2F6D29Y538;
				INFOPLIST_FILE = "covid-19-graphTests/Info.plist";
				IPHONEOS_DEPLOYMENT_TARGET = 13.5;
				LD_RUNPATH_SEARCH_PATHS = (
					"$(inherited)",
					"@executable_path/Frameworks",
					"@loader_path/Frameworks",
				);
				PRODUCT_BUNDLE_IDENTIFIER = "com.tatsuki.covid-19-graphTests";
				PRODUCT_NAME = "$(TARGET_NAME)";
				SWIFT_VERSION = 5.0;
				TARGETED_DEVICE_FAMILY = "1,2";
				TEST_HOST = "$(BUILT_PRODUCTS_DIR)/covid-19-graph.app/covid-19-graph";
			};
			name = "Release-Staging";
		};
		498EDF3724D300C3000CB11B /* Release-Staging */ = {
			isa = XCBuildConfiguration;
			baseConfigurationReference = A22BA7A69B1AF073E0A9344B /* Pods-covid-19-graph-covid-19-graphUITests.release-staging.xcconfig */;
			buildSettings = {
				ALWAYS_EMBED_SWIFT_STANDARD_LIBRARIES = YES;
				CODE_SIGN_STYLE = Automatic;
				DEVELOPMENT_TEAM = 2F6D29Y538;
				INFOPLIST_FILE = "covid-19-graphUITests/Info.plist";
				LD_RUNPATH_SEARCH_PATHS = (
					"$(inherited)",
					"@executable_path/Frameworks",
					"@loader_path/Frameworks",
				);
				PRODUCT_BUNDLE_IDENTIFIER = "com.tatsuki.covid-19-graphUITests";
				PRODUCT_NAME = "$(TARGET_NAME)";
				SWIFT_VERSION = 5.0;
				TARGETED_DEVICE_FAMILY = "1,2";
				TEST_TARGET_NAME = "covid-19-graph";
			};
			name = "Release-Staging";
		};
		498EDF3824D300CB000CB11B /* Release-Production */ = {
			isa = XCBuildConfiguration;
			baseConfigurationReference = 498EDF2324D2FC32000CB11B /* Release-Production.xcconfig */;
			buildSettings = {
				ALWAYS_SEARCH_USER_PATHS = NO;
				CLANG_ANALYZER_NONNULL = YES;
				CLANG_ANALYZER_NUMBER_OBJECT_CONVERSION = YES_AGGRESSIVE;
				CLANG_CXX_LANGUAGE_STANDARD = "gnu++14";
				CLANG_CXX_LIBRARY = "libc++";
				CLANG_ENABLE_MODULES = YES;
				CLANG_ENABLE_OBJC_ARC = YES;
				CLANG_ENABLE_OBJC_WEAK = YES;
				CLANG_WARN_BLOCK_CAPTURE_AUTORELEASING = YES;
				CLANG_WARN_BOOL_CONVERSION = YES;
				CLANG_WARN_COMMA = YES;
				CLANG_WARN_CONSTANT_CONVERSION = YES;
				CLANG_WARN_DEPRECATED_OBJC_IMPLEMENTATIONS = YES;
				CLANG_WARN_DIRECT_OBJC_ISA_USAGE = YES_ERROR;
				CLANG_WARN_DOCUMENTATION_COMMENTS = YES;
				CLANG_WARN_EMPTY_BODY = YES;
				CLANG_WARN_ENUM_CONVERSION = YES;
				CLANG_WARN_INFINITE_RECURSION = YES;
				CLANG_WARN_INT_CONVERSION = YES;
				CLANG_WARN_NON_LITERAL_NULL_CONVERSION = YES;
				CLANG_WARN_OBJC_IMPLICIT_RETAIN_SELF = YES;
				CLANG_WARN_OBJC_LITERAL_CONVERSION = YES;
				CLANG_WARN_OBJC_ROOT_CLASS = YES_ERROR;
				CLANG_WARN_RANGE_LOOP_ANALYSIS = YES;
				CLANG_WARN_STRICT_PROTOTYPES = YES;
				CLANG_WARN_SUSPICIOUS_MOVE = YES;
				CLANG_WARN_UNGUARDED_AVAILABILITY = YES_AGGRESSIVE;
				CLANG_WARN_UNREACHABLE_CODE = YES;
				CLANG_WARN__DUPLICATE_METHOD_MATCH = YES;
				COPY_PHASE_STRIP = NO;
				DEBUG_INFORMATION_FORMAT = "dwarf-with-dsym";
				ENABLE_NS_ASSERTIONS = NO;
				ENABLE_STRICT_OBJC_MSGSEND = YES;
				GCC_C_LANGUAGE_STANDARD = gnu11;
				GCC_NO_COMMON_BLOCKS = YES;
				GCC_WARN_64_TO_32_BIT_CONVERSION = YES;
				GCC_WARN_ABOUT_RETURN_TYPE = YES_ERROR;
				GCC_WARN_UNDECLARED_SELECTOR = YES;
				GCC_WARN_UNINITIALIZED_AUTOS = YES_AGGRESSIVE;
				GCC_WARN_UNUSED_FUNCTION = YES;
				GCC_WARN_UNUSED_VARIABLE = YES;
				IPHONEOS_DEPLOYMENT_TARGET = 13.0;
				MTL_ENABLE_DEBUG_INFO = NO;
				MTL_FAST_MATH = YES;
				SDKROOT = iphoneos;
				SWIFT_COMPILATION_MODE = wholemodule;
				SWIFT_OPTIMIZATION_LEVEL = "-O";
				VALIDATE_PRODUCT = YES;
			};
			name = "Release-Production";
		};
		498EDF3924D300CB000CB11B /* Release-Production */ = {
			isa = XCBuildConfiguration;
			baseConfigurationReference = 498EDF2324D2FC32000CB11B /* Release-Production.xcconfig */;
			buildSettings = {
				ASSETCATALOG_COMPILER_APPICON_NAME = AppIcon;
				CODE_SIGN_STYLE = Manual;
				DEVELOPMENT_TEAM = "";
				FRAMEWORK_SEARCH_PATHS = (
					"$(inherited)",
					"$(PROJECT_DIR)/Carthage/Build/iOS",
				);
				INFOPLIST_FILE = "covid-19-graph/Info.plist";
				IPHONEOS_DEPLOYMENT_TARGET = 13.0;
				LD_RUNPATH_SEARCH_PATHS = (
					"$(inherited)",
					"@executable_path/Frameworks",
				);
				PRODUCT_NAME = "$(TARGET_NAME)";
				PROVISIONING_PROFILE_SPECIFIER = "";
				SWIFT_VERSION = 5.0;
				TARGETED_DEVICE_FAMILY = 1;
			};
			name = "Release-Production";
		};
		498EDF3A24D300CB000CB11B /* Release-Production */ = {
			isa = XCBuildConfiguration;
			baseConfigurationReference = 3C7E0E1AD18F386BBA073E90 /* Pods-covid-19-graphTests.release-production.xcconfig */;
			buildSettings = {
				ALWAYS_EMBED_SWIFT_STANDARD_LIBRARIES = YES;
				BUNDLE_LOADER = "$(TEST_HOST)";
				CODE_SIGN_STYLE = Automatic;
				DEVELOPMENT_TEAM = 2F6D29Y538;
				INFOPLIST_FILE = "covid-19-graphTests/Info.plist";
				IPHONEOS_DEPLOYMENT_TARGET = 13.5;
				LD_RUNPATH_SEARCH_PATHS = (
					"$(inherited)",
					"@executable_path/Frameworks",
					"@loader_path/Frameworks",
				);
				PRODUCT_BUNDLE_IDENTIFIER = "com.tatsuki.covid-19-graphTests";
				PRODUCT_NAME = "$(TARGET_NAME)";
				SWIFT_VERSION = 5.0;
				TARGETED_DEVICE_FAMILY = "1,2";
				TEST_HOST = "$(BUILT_PRODUCTS_DIR)/covid-19-graph.app/covid-19-graph";
			};
			name = "Release-Production";
		};
		498EDF3B24D300CB000CB11B /* Release-Production */ = {
			isa = XCBuildConfiguration;
			baseConfigurationReference = 515B835AFFE4F6F0710BE1CA /* Pods-covid-19-graph-covid-19-graphUITests.release-production.xcconfig */;
			buildSettings = {
				ALWAYS_EMBED_SWIFT_STANDARD_LIBRARIES = YES;
				CODE_SIGN_STYLE = Automatic;
				DEVELOPMENT_TEAM = 2F6D29Y538;
				INFOPLIST_FILE = "covid-19-graphUITests/Info.plist";
				LD_RUNPATH_SEARCH_PATHS = (
					"$(inherited)",
					"@executable_path/Frameworks",
					"@loader_path/Frameworks",
				);
				PRODUCT_BUNDLE_IDENTIFIER = "com.tatsuki.covid-19-graphUITests";
				PRODUCT_NAME = "$(TARGET_NAME)";
				SWIFT_VERSION = 5.0;
				TARGETED_DEVICE_FAMILY = "1,2";
				TEST_TARGET_NAME = "covid-19-graph";
			};
			name = "Release-Production";
		};
		49A6755F24D19CDF009EC846 /* Debug */ = {
			isa = XCBuildConfiguration;
			buildSettings = {
				ALWAYS_SEARCH_USER_PATHS = NO;
				CLANG_ANALYZER_NONNULL = YES;
				CLANG_ANALYZER_NUMBER_OBJECT_CONVERSION = YES_AGGRESSIVE;
				CLANG_CXX_LANGUAGE_STANDARD = "gnu++14";
				CLANG_CXX_LIBRARY = "libc++";
				CLANG_ENABLE_MODULES = YES;
				CLANG_ENABLE_OBJC_ARC = YES;
				CLANG_ENABLE_OBJC_WEAK = YES;
				CLANG_WARN_BLOCK_CAPTURE_AUTORELEASING = YES;
				CLANG_WARN_BOOL_CONVERSION = YES;
				CLANG_WARN_COMMA = YES;
				CLANG_WARN_CONSTANT_CONVERSION = YES;
				CLANG_WARN_DEPRECATED_OBJC_IMPLEMENTATIONS = YES;
				CLANG_WARN_DIRECT_OBJC_ISA_USAGE = YES_ERROR;
				CLANG_WARN_DOCUMENTATION_COMMENTS = YES;
				CLANG_WARN_EMPTY_BODY = YES;
				CLANG_WARN_ENUM_CONVERSION = YES;
				CLANG_WARN_INFINITE_RECURSION = YES;
				CLANG_WARN_INT_CONVERSION = YES;
				CLANG_WARN_NON_LITERAL_NULL_CONVERSION = YES;
				CLANG_WARN_OBJC_IMPLICIT_RETAIN_SELF = YES;
				CLANG_WARN_OBJC_LITERAL_CONVERSION = YES;
				CLANG_WARN_OBJC_ROOT_CLASS = YES_ERROR;
				CLANG_WARN_RANGE_LOOP_ANALYSIS = YES;
				CLANG_WARN_STRICT_PROTOTYPES = YES;
				CLANG_WARN_SUSPICIOUS_MOVE = YES;
				CLANG_WARN_UNGUARDED_AVAILABILITY = YES_AGGRESSIVE;
				CLANG_WARN_UNREACHABLE_CODE = YES;
				CLANG_WARN__DUPLICATE_METHOD_MATCH = YES;
				COPY_PHASE_STRIP = NO;
				DEBUG_INFORMATION_FORMAT = dwarf;
				ENABLE_STRICT_OBJC_MSGSEND = YES;
				ENABLE_TESTABILITY = YES;
				GCC_C_LANGUAGE_STANDARD = gnu11;
				GCC_DYNAMIC_NO_PIC = NO;
				GCC_NO_COMMON_BLOCKS = YES;
				GCC_OPTIMIZATION_LEVEL = 0;
				GCC_PREPROCESSOR_DEFINITIONS = (
					"DEBUG=1",
					"$(inherited)",
				);
				GCC_WARN_64_TO_32_BIT_CONVERSION = YES;
				GCC_WARN_ABOUT_RETURN_TYPE = YES_ERROR;
				GCC_WARN_UNDECLARED_SELECTOR = YES;
				GCC_WARN_UNINITIALIZED_AUTOS = YES_AGGRESSIVE;
				GCC_WARN_UNUSED_FUNCTION = YES;
				GCC_WARN_UNUSED_VARIABLE = YES;
				IPHONEOS_DEPLOYMENT_TARGET = 13.0;
				MTL_ENABLE_DEBUG_INFO = INCLUDE_SOURCE;
				MTL_FAST_MATH = YES;
				ONLY_ACTIVE_ARCH = YES;
				SDKROOT = iphoneos;
				SWIFT_ACTIVE_COMPILATION_CONDITIONS = DEBUG;
				SWIFT_OPTIMIZATION_LEVEL = "-Onone";
			};
			name = Debug;
		};
		49A6756024D19CDF009EC846 /* Release */ = {
			isa = XCBuildConfiguration;
			buildSettings = {
				ALWAYS_SEARCH_USER_PATHS = NO;
				CLANG_ANALYZER_NONNULL = YES;
				CLANG_ANALYZER_NUMBER_OBJECT_CONVERSION = YES_AGGRESSIVE;
				CLANG_CXX_LANGUAGE_STANDARD = "gnu++14";
				CLANG_CXX_LIBRARY = "libc++";
				CLANG_ENABLE_MODULES = YES;
				CLANG_ENABLE_OBJC_ARC = YES;
				CLANG_ENABLE_OBJC_WEAK = YES;
				CLANG_WARN_BLOCK_CAPTURE_AUTORELEASING = YES;
				CLANG_WARN_BOOL_CONVERSION = YES;
				CLANG_WARN_COMMA = YES;
				CLANG_WARN_CONSTANT_CONVERSION = YES;
				CLANG_WARN_DEPRECATED_OBJC_IMPLEMENTATIONS = YES;
				CLANG_WARN_DIRECT_OBJC_ISA_USAGE = YES_ERROR;
				CLANG_WARN_DOCUMENTATION_COMMENTS = YES;
				CLANG_WARN_EMPTY_BODY = YES;
				CLANG_WARN_ENUM_CONVERSION = YES;
				CLANG_WARN_INFINITE_RECURSION = YES;
				CLANG_WARN_INT_CONVERSION = YES;
				CLANG_WARN_NON_LITERAL_NULL_CONVERSION = YES;
				CLANG_WARN_OBJC_IMPLICIT_RETAIN_SELF = YES;
				CLANG_WARN_OBJC_LITERAL_CONVERSION = YES;
				CLANG_WARN_OBJC_ROOT_CLASS = YES_ERROR;
				CLANG_WARN_RANGE_LOOP_ANALYSIS = YES;
				CLANG_WARN_STRICT_PROTOTYPES = YES;
				CLANG_WARN_SUSPICIOUS_MOVE = YES;
				CLANG_WARN_UNGUARDED_AVAILABILITY = YES_AGGRESSIVE;
				CLANG_WARN_UNREACHABLE_CODE = YES;
				CLANG_WARN__DUPLICATE_METHOD_MATCH = YES;
				COPY_PHASE_STRIP = NO;
				DEBUG_INFORMATION_FORMAT = "dwarf-with-dsym";
				ENABLE_NS_ASSERTIONS = NO;
				ENABLE_STRICT_OBJC_MSGSEND = YES;
				GCC_C_LANGUAGE_STANDARD = gnu11;
				GCC_NO_COMMON_BLOCKS = YES;
				GCC_WARN_64_TO_32_BIT_CONVERSION = YES;
				GCC_WARN_ABOUT_RETURN_TYPE = YES_ERROR;
				GCC_WARN_UNDECLARED_SELECTOR = YES;
				GCC_WARN_UNINITIALIZED_AUTOS = YES_AGGRESSIVE;
				GCC_WARN_UNUSED_FUNCTION = YES;
				GCC_WARN_UNUSED_VARIABLE = YES;
				IPHONEOS_DEPLOYMENT_TARGET = 13.0;
				MTL_ENABLE_DEBUG_INFO = NO;
				MTL_FAST_MATH = YES;
				SDKROOT = iphoneos;
				SWIFT_COMPILATION_MODE = wholemodule;
				SWIFT_OPTIMIZATION_LEVEL = "-O";
				VALIDATE_PRODUCT = YES;
			};
			name = Release;
		};
		49A6756224D19CDF009EC846 /* Debug */ = {
			isa = XCBuildConfiguration;
			baseConfigurationReference = 2A8D6FDC686BEE724126D6B7 /* Pods-covid-19-graph.debug.xcconfig */;
			buildSettings = {
				ASSETCATALOG_COMPILER_APPICON_NAME = AppIcon;
				CODE_SIGN_STYLE = Manual;
				DEVELOPMENT_TEAM = "";
				FRAMEWORK_SEARCH_PATHS = (
					"$(inherited)",
					"$(PROJECT_DIR)/Carthage/Build/iOS",
				);
				INFOPLIST_FILE = "covid-19-graph/Info.plist";
				IPHONEOS_DEPLOYMENT_TARGET = 13.0;
				LD_RUNPATH_SEARCH_PATHS = (
					"$(inherited)",
					"@executable_path/Frameworks",
				);
				PRODUCT_NAME = "$(TARGET_NAME)";
				PROVISIONING_PROFILE_SPECIFIER = "";
				SWIFT_VERSION = 5.0;
				TARGETED_DEVICE_FAMILY = 1;
			};
			name = Debug;
		};
		49A6756324D19CDF009EC846 /* Release */ = {
			isa = XCBuildConfiguration;
			baseConfigurationReference = F848575A0205B4F6B81A307F /* Pods-covid-19-graph.release.xcconfig */;
			buildSettings = {
				ASSETCATALOG_COMPILER_APPICON_NAME = AppIcon;
				CODE_SIGN_STYLE = Manual;
				DEVELOPMENT_TEAM = "";
				FRAMEWORK_SEARCH_PATHS = (
					"$(inherited)",
					"$(PROJECT_DIR)/Carthage/Build/iOS",
				);
				INFOPLIST_FILE = "covid-19-graph/Info.plist";
				IPHONEOS_DEPLOYMENT_TARGET = 13.0;
				LD_RUNPATH_SEARCH_PATHS = (
					"$(inherited)",
					"@executable_path/Frameworks",
				);
				PRODUCT_NAME = "$(TARGET_NAME)";
				PROVISIONING_PROFILE_SPECIFIER = "";
				SWIFT_VERSION = 5.0;
				TARGETED_DEVICE_FAMILY = 1;
			};
			name = Release;
		};
		49A6756524D19CDF009EC846 /* Debug */ = {
			isa = XCBuildConfiguration;
			baseConfigurationReference = 055A3866F35996A03398CE4B /* Pods-covid-19-graphTests.debug.xcconfig */;
			buildSettings = {
				ALWAYS_EMBED_SWIFT_STANDARD_LIBRARIES = YES;
				BUNDLE_LOADER = "$(TEST_HOST)";
				CODE_SIGN_STYLE = Automatic;
				DEVELOPMENT_TEAM = 2F6D29Y538;
				INFOPLIST_FILE = "covid-19-graphTests/Info.plist";
				IPHONEOS_DEPLOYMENT_TARGET = 13.5;
				LD_RUNPATH_SEARCH_PATHS = (
					"$(inherited)",
					"@executable_path/Frameworks",
					"@loader_path/Frameworks",
				);
				PRODUCT_BUNDLE_IDENTIFIER = "com.tatsuki.covid-19-graphTests";
				PRODUCT_NAME = "$(TARGET_NAME)";
				SWIFT_VERSION = 5.0;
				TARGETED_DEVICE_FAMILY = "1,2";
				TEST_HOST = "$(BUILT_PRODUCTS_DIR)/covid-19-graph.app/covid-19-graph";
			};
			name = Debug;
		};
		49A6756624D19CDF009EC846 /* Release */ = {
			isa = XCBuildConfiguration;
			baseConfigurationReference = 4C31CF853D82EA2FA46CD902 /* Pods-covid-19-graphTests.release.xcconfig */;
			buildSettings = {
				ALWAYS_EMBED_SWIFT_STANDARD_LIBRARIES = YES;
				BUNDLE_LOADER = "$(TEST_HOST)";
				CODE_SIGN_STYLE = Automatic;
				DEVELOPMENT_TEAM = 2F6D29Y538;
				INFOPLIST_FILE = "covid-19-graphTests/Info.plist";
				IPHONEOS_DEPLOYMENT_TARGET = 13.5;
				LD_RUNPATH_SEARCH_PATHS = (
					"$(inherited)",
					"@executable_path/Frameworks",
					"@loader_path/Frameworks",
				);
				PRODUCT_BUNDLE_IDENTIFIER = "com.tatsuki.covid-19-graphTests";
				PRODUCT_NAME = "$(TARGET_NAME)";
				SWIFT_VERSION = 5.0;
				TARGETED_DEVICE_FAMILY = "1,2";
				TEST_HOST = "$(BUILT_PRODUCTS_DIR)/covid-19-graph.app/covid-19-graph";
			};
			name = Release;
		};
		49A6756824D19CDF009EC846 /* Debug */ = {
			isa = XCBuildConfiguration;
			baseConfigurationReference = 8EE8703CD64229CAAE57D0B0 /* Pods-covid-19-graph-covid-19-graphUITests.debug.xcconfig */;
			buildSettings = {
				ALWAYS_EMBED_SWIFT_STANDARD_LIBRARIES = YES;
				CODE_SIGN_STYLE = Automatic;
				DEVELOPMENT_TEAM = 2F6D29Y538;
				INFOPLIST_FILE = "covid-19-graphUITests/Info.plist";
				LD_RUNPATH_SEARCH_PATHS = (
					"$(inherited)",
					"@executable_path/Frameworks",
					"@loader_path/Frameworks",
				);
				PRODUCT_BUNDLE_IDENTIFIER = "com.tatsuki.covid-19-graphUITests";
				PRODUCT_NAME = "$(TARGET_NAME)";
				SWIFT_VERSION = 5.0;
				TARGETED_DEVICE_FAMILY = "1,2";
				TEST_TARGET_NAME = "covid-19-graph";
			};
			name = Debug;
		};
		49A6756924D19CDF009EC846 /* Release */ = {
			isa = XCBuildConfiguration;
			baseConfigurationReference = 670A691A8C43BAC680571B29 /* Pods-covid-19-graph-covid-19-graphUITests.release.xcconfig */;
			buildSettings = {
				ALWAYS_EMBED_SWIFT_STANDARD_LIBRARIES = YES;
				CODE_SIGN_STYLE = Automatic;
				DEVELOPMENT_TEAM = 2F6D29Y538;
				INFOPLIST_FILE = "covid-19-graphUITests/Info.plist";
				LD_RUNPATH_SEARCH_PATHS = (
					"$(inherited)",
					"@executable_path/Frameworks",
					"@loader_path/Frameworks",
				);
				PRODUCT_BUNDLE_IDENTIFIER = "com.tatsuki.covid-19-graphUITests";
				PRODUCT_NAME = "$(TARGET_NAME)";
				SWIFT_VERSION = 5.0;
				TARGETED_DEVICE_FAMILY = "1,2";
				TEST_TARGET_NAME = "covid-19-graph";
			};
			name = Release;
		};
/* End XCBuildConfiguration section */

/* Begin XCConfigurationList section */
		49A6753224D19CDA009EC846 /* Build configuration list for PBXProject "covid-19-graph" */ = {
			isa = XCConfigurationList;
			buildConfigurations = (
				49A6755F24D19CDF009EC846 /* Debug */,
				498EDF2C24D300AE000CB11B /* Debug-Production */,
				498EDF2824D300A4000CB11B /* Debug-Staging */,
				498EDF2424D3009A000CB11B /* Debug-Development */,
				49A6756024D19CDF009EC846 /* Release */,
				498EDF3824D300CB000CB11B /* Release-Production */,
				498EDF3424D300C3000CB11B /* Release-Staging */,
				498EDF3024D300BA000CB11B /* Release-Development */,
			);
			defaultConfigurationIsVisible = 0;
			defaultConfigurationName = Release;
		};
		49A6756124D19CDF009EC846 /* Build configuration list for PBXNativeTarget "covid-19-graph" */ = {
			isa = XCConfigurationList;
			buildConfigurations = (
				49A6756224D19CDF009EC846 /* Debug */,
				498EDF2D24D300AE000CB11B /* Debug-Production */,
				498EDF2924D300A4000CB11B /* Debug-Staging */,
				498EDF2524D3009A000CB11B /* Debug-Development */,
				49A6756324D19CDF009EC846 /* Release */,
				498EDF3924D300CB000CB11B /* Release-Production */,
				498EDF3524D300C3000CB11B /* Release-Staging */,
				498EDF3124D300BA000CB11B /* Release-Development */,
			);
			defaultConfigurationIsVisible = 0;
			defaultConfigurationName = Release;
		};
		49A6756424D19CDF009EC846 /* Build configuration list for PBXNativeTarget "covid-19-graphTests" */ = {
			isa = XCConfigurationList;
			buildConfigurations = (
				49A6756524D19CDF009EC846 /* Debug */,
				498EDF2E24D300AE000CB11B /* Debug-Production */,
				498EDF2A24D300A4000CB11B /* Debug-Staging */,
				498EDF2624D3009A000CB11B /* Debug-Development */,
				49A6756624D19CDF009EC846 /* Release */,
				498EDF3A24D300CB000CB11B /* Release-Production */,
				498EDF3624D300C3000CB11B /* Release-Staging */,
				498EDF3224D300BA000CB11B /* Release-Development */,
			);
			defaultConfigurationIsVisible = 0;
			defaultConfigurationName = Release;
		};
		49A6756724D19CDF009EC846 /* Build configuration list for PBXNativeTarget "covid-19-graphUITests" */ = {
			isa = XCConfigurationList;
			buildConfigurations = (
				49A6756824D19CDF009EC846 /* Debug */,
				498EDF2F24D300AE000CB11B /* Debug-Production */,
				498EDF2B24D300A4000CB11B /* Debug-Staging */,
				498EDF2724D3009A000CB11B /* Debug-Development */,
				49A6756924D19CDF009EC846 /* Release */,
				498EDF3B24D300CB000CB11B /* Release-Production */,
				498EDF3724D300C3000CB11B /* Release-Staging */,
				498EDF3324D300BA000CB11B /* Release-Development */,
			);
			defaultConfigurationIsVisible = 0;
			defaultConfigurationName = Release;
		};
/* End XCConfigurationList section */
	};
	rootObject = 49A6752F24D19CDA009EC846 /* Project object */;
}
